// !$*UTF8*$!
{
	archiveVersion = 1;
	classes = {
	};
	objectVersion = 50;
	objects = {

/* Begin PBXBuildFile section */
		374B67940A14BDD635836570 /* Pods_Q_Bot.framework in Frameworks */ = {isa = PBXBuildFile; fileRef = C72313103E7A41A437E80595 /* Pods_Q_Bot.framework */; };
		4C7DAE9D98829A1DF2B323B6 /* Pods_Q_BotTests.framework in Frameworks */ = {isa = PBXBuildFile; fileRef = 9CE4651681F5D876C127BC6F /* Pods_Q_BotTests.framework */; };
		DDD47630B581376B3159F139 /* Pods_Q_BotUITests.framework in Frameworks */ = {isa = PBXBuildFile; fileRef = A5B6518B7D2E2215B3403F6E /* Pods_Q_BotUITests.framework */; };
		FB1904C62154358B0092640A /* Key.swift in Sources */ = {isa = PBXBuildFile; fileRef = FB1904C52154358B0092640A /* Key.swift */; };
		FB3B4329223FF5F5005D405F /* Head.swift in Sources */ = {isa = PBXBuildFile; fileRef = FB3B4328223FF5F5005D405F /* Head.swift */; };
		FB3B432B2243C75E005D405F /* ThudRumbleVideoClip.swift in Sources */ = {isa = PBXBuildFile; fileRef = FB3B432A2243C75D005D405F /* ThudRumbleVideoClip.swift */; };
		FB716DFD2173FB18008D090E /* CloudKit.framework in Frameworks */ = {isa = PBXBuildFile; fileRef = FB716DFC2173FB18008D090E /* CloudKit.framework */; };
		FB78ABF6214C10030010039E /* QBot.swift in Sources */ = {isa = PBXBuildFile; fileRef = FB78ABF5214C10030010039E /* QBot.swift */; };
		FB78ABF8214C10030010039E /* Face.swift in Sources */ = {isa = PBXBuildFile; fileRef = FB78ABF7214C10030010039E /* Face.swift */; };
		FB78ABFB214C10030010039E /* Main.storyboard in Resources */ = {isa = PBXBuildFile; fileRef = FB78ABF9214C10030010039E /* Main.storyboard */; };
		FB78ABFE214C10030010039E /* DIY_Skratching_Vol__1_Remix.xcdatamodeld in Sources */ = {isa = PBXBuildFile; fileRef = FB78ABFC214C10030010039E /* DIY_Skratching_Vol__1_Remix.xcdatamodeld */; };
		FB78AC00214C10040010039E /* Assets.xcassets in Resources */ = {isa = PBXBuildFile; fileRef = FB78ABFF214C10040010039E /* Assets.xcassets */; };
		FB78AC03214C10040010039E /* LaunchScreen.storyboard in Resources */ = {isa = PBXBuildFile; fileRef = FB78AC01214C10040010039E /* LaunchScreen.storyboard */; };
		FB78AC0E214C10040010039E /* DIY_Skratching_Vol__1_RemixTests.swift in Sources */ = {isa = PBXBuildFile; fileRef = FB78AC0D214C10040010039E /* DIY_Skratching_Vol__1_RemixTests.swift */; };
		FB78AC19214C10040010039E /* DIY_Skratching_Vol__1_RemixUITests.swift in Sources */ = {isa = PBXBuildFile; fileRef = FB78AC18214C10040010039E /* DIY_Skratching_Vol__1_RemixUITests.swift */; };
		FBADD576217BC2AF00A5EB31 /* Play.swift in Sources */ = {isa = PBXBuildFile; fileRef = FBADD575217BC2AF00A5EB31 /* Play.swift */; };
		FBADD578217BC2B500A5EB31 /* State.swift in Sources */ = {isa = PBXBuildFile; fileRef = FBADD577217BC2B500A5EB31 /* State.swift */; };
		FBADD57A217BC2C100A5EB31 /* Mouth.swift in Sources */ = {isa = PBXBuildFile; fileRef = FBADD579217BC2C100A5EB31 /* Mouth.swift */; };
		FBADD57C217BC2D200A5EB31 /* Ears.swift in Sources */ = {isa = PBXBuildFile; fileRef = FBADD57B217BC2D200A5EB31 /* Ears.swift */; };
		FBADD57E217E15FB00A5EB31 /* SkratchName.swift in Sources */ = {isa = PBXBuildFile; fileRef = FBADD57D217E15FB00A5EB31 /* SkratchName.swift */; };
		FBF1E0E0225AA22E00F58E22 /* 1-Click Flare.m4v in Resources */ = {isa = PBXBuildFile; fileRef = FB469E1722470F490042961F /* 1-Click Flare.m4v */; };
		FBF1E0E1225AA22E00F58E22 /* 2-Click Flare.m4v in Resources */ = {isa = PBXBuildFile; fileRef = FB469DFC22470F1A0042961F /* 2-Click Flare.m4v */; };
		FBF1E0E2225AA22E00F58E22 /* Baby.m4v in Resources */ = {isa = PBXBuildFile; fileRef = FB469E1822470F4A0042961F /* Baby.m4v */; };
		FBF1E0E3225AA22E00F58E22 /* Bang.m4v in Resources */ = {isa = PBXBuildFile; fileRef = FB469E0522470F290042961F /* Bang.m4v */; };
		FBF1E0E4225AA22E00F58E22 /* Chirp Flare.m4v in Resources */ = {isa = PBXBuildFile; fileRef = FB469DFD22470F1B0042961F /* Chirp Flare.m4v */; };
		FBF1E0E5225AA22E00F58E22 /* Chirps.m4v in Resources */ = {isa = PBXBuildFile; fileRef = FB469E1122470F3B0042961F /* Chirps.m4v */; };
		FBF1E0E6225AA22E00F58E22 /* Clover Tears.m4v in Resources */ = {isa = PBXBuildFile; fileRef = FB469E1622470F460042961F /* Clover Tears.m4v */; };
		FBF1E0E7225AA22E00F58E22 /* Crabs (Crepes).m4v in Resources */ = {isa = PBXBuildFile; fileRef = FB469E0922470F2E0042961F /* Crabs (Crepes).m4v */; };
		FBF1E0E8225AA22E00F58E22 /* Crescent Flare.m4v in Resources */ = {isa = PBXBuildFile; fileRef = FB469E1222470F3D0042961F /* Crescent Flare.m4v */; };
		FBF1E0E9225AA22E00F58E22 /* Cutting.m4v in Resources */ = {isa = PBXBuildFile; fileRef = FB469DFE22470F1C0042961F /* Cutting.m4v */; };
		FBF1E0EA225AA22E00F58E22 /* Deck Demon.m4v in Resources */ = {isa = PBXBuildFile; fileRef = FB469E0122470F240042961F /* Deck Demon.m4v */; };
		FBF1E0EB225AA22E00F58E22 /* Dicing.m4v in Resources */ = {isa = PBXBuildFile; fileRef = FB469DFB22470F190042961F /* Dicing.m4v */; };
		FBF1E0EC225AA22E00F58E22 /* DJ Spy-D and The Spawnster.m4v in Resources */ = {isa = PBXBuildFile; fileRef = FB469E0D22470F340042961F /* DJ Spy-D and The Spawnster.m4v */; };
		FBF1E0ED225AA22E00F58E22 /* Drags.m4v in Resources */ = {isa = PBXBuildFile; fileRef = FB469E0222470F250042961F /* Drags.m4v */; };
		FBF1E0EE225AA22E00F58E22 /* Fades.m4v in Resources */ = {isa = PBXBuildFile; fileRef = FB469DFA22470F170042961F /* Fades.m4v */; };
		FBF1E0EF225AA22E00F58E22 /* Flare.m4v in Resources */ = {isa = PBXBuildFile; fileRef = FB469E0322470F260042961F /* Flare.m4v */; };
		FBF1E0F0225AA22E00F58E22 /* Lambchop.m4v in Resources */ = {isa = PBXBuildFile; fileRef = FB469E0F22470F380042961F /* Lambchop.m4v */; };
		FBF1E0F1225AA22E00F58E22 /* Lazers.m4v in Resources */ = {isa = PBXBuildFile; fileRef = FB469E1322470F3E0042961F /* Lazers.m4v */; };
		FBF1E0F2225AA22E00F58E22 /* Long-Short Tip Tears.m4v in Resources */ = {isa = PBXBuildFile; fileRef = FB469E0B22470F300042961F /* Long-Short Tip Tears.m4v */; };
		FBF1E0F3225AA22E00F58E22 /* Marches.m4v in Resources */ = {isa = PBXBuildFile; fileRef = FB469DFF22470F1D0042961F /* Marches.m4v */; };
		FBF1E0F4225AA22E00F58E22 /* Needle-Dropping.m4v in Resources */ = {isa = PBXBuildFile; fileRef = FB469E0422470F270042961F /* Needle-Dropping.m4v */; };
		FBF1E0F5225AA22E00F58E22 /* Phazers.m4v in Resources */ = {isa = PBXBuildFile; fileRef = FB469E1422470F400042961F /* Phazers.m4v */; };
		FBF1E0F6225AA22E00F58E22 /* Punt Rawk.m4v in Resources */ = {isa = PBXBuildFile; fileRef = FB469E0C22470F320042961F /* Punt Rawk.m4v */; };
		FBF1E0F7225AA22E00F58E22 /* Q-Bert.m4v in Resources */ = {isa = PBXBuildFile; fileRef = FB469E1522470F440042961F /* Q-Bert.m4v */; };
		FBF1E0F8225AA22E00F58E22 /* Reverse Cutting.m4v in Resources */ = {isa = PBXBuildFile; fileRef = FB469E1022470F390042961F /* Reverse Cutting.m4v */; };
		FBF1E0F9225AA22E00F58E22 /* Scribbles.m4v in Resources */ = {isa = PBXBuildFile; fileRef = FB469E1922470F4C0042961F /* Scribbles.m4v */; };
		FBF1E0FA225AA22E00F58E22 /* Swipes.m4v in Resources */ = {isa = PBXBuildFile; fileRef = FB469E0822470F2C0042961F /* Swipes.m4v */; };
		FBF1E0FB225AA22E00F58E22 /* Tears.m4v in Resources */ = {isa = PBXBuildFile; fileRef = FB469E0722470F2B0042961F /* Tears.m4v */; };
		FBF1E0FC225AA22E00F58E22 /* Tips.m4v in Resources */ = {isa = PBXBuildFile; fileRef = FB469DF922470F160042961F /* Tips.m4v */; };
		FBF1E0FD225AA22E00F58E22 /* Transformer.m4v in Resources */ = {isa = PBXBuildFile; fileRef = FB469E0E22470F360042961F /* Transformer.m4v */; };
		FBF1E0FE225AA22E00F58E22 /* Vlad Dufmeister.m4v in Resources */ = {isa = PBXBuildFile; fileRef = FB469E0022470F1F0042961F /* Vlad Dufmeister.m4v */; };
		FBF1E0FF225AA22E00F58E22 /* Waves.m4v in Resources */ = {isa = PBXBuildFile; fileRef = FB469E0622470F2A0042961F /* Waves.m4v */; };
		FBF1E100225AA22E00F58E22 /* Zig-Zags.m4v in Resources */ = {isa = PBXBuildFile; fileRef = FB469E0A22470F2F0042961F /* Zig-Zags.m4v */; };
		FBF1E102225BC20500F58E22 /* urei click.mp3 in Resources */ = {isa = PBXBuildFile; fileRef = FBF1E101225BC20500F58E22 /* urei click.mp3 */; };
/* End PBXBuildFile section */

/* Begin PBXContainerItemProxy section */
		FB78AC0A214C10040010039E /* PBXContainerItemProxy */ = {
			isa = PBXContainerItemProxy;
			containerPortal = FB78ABEA214C10030010039E /* Project object */;
			proxyType = 1;
			remoteGlobalIDString = FB78ABF1214C10030010039E;
			remoteInfo = "DIY Skratching Vol. 1 Remix";
		};
		FB78AC15214C10040010039E /* PBXContainerItemProxy */ = {
			isa = PBXContainerItemProxy;
			containerPortal = FB78ABEA214C10030010039E /* Project object */;
			proxyType = 1;
			remoteGlobalIDString = FB78ABF1214C10030010039E;
			remoteInfo = "DIY Skratching Vol. 1 Remix";
		};
/* End PBXContainerItemProxy section */

/* Begin PBXFileReference section */
		5C6F93FF7FC334B4257375A7 /* Pods-Q-BotUITests.debug.xcconfig */ = {isa = PBXFileReference; includeInIndex = 1; lastKnownFileType = text.xcconfig; name = "Pods-Q-BotUITests.debug.xcconfig"; path = "Target Support Files/Pods-Q-BotUITests/Pods-Q-BotUITests.debug.xcconfig"; sourceTree = "<group>"; };
		5DE10E84E97F7022480BDF9E /* Pods-Q-BotTests.debug.xcconfig */ = {isa = PBXFileReference; includeInIndex = 1; lastKnownFileType = text.xcconfig; name = "Pods-Q-BotTests.debug.xcconfig"; path = "Target Support Files/Pods-Q-BotTests/Pods-Q-BotTests.debug.xcconfig"; sourceTree = "<group>"; };
		9CE4651681F5D876C127BC6F /* Pods_Q_BotTests.framework */ = {isa = PBXFileReference; explicitFileType = wrapper.framework; includeInIndex = 0; path = Pods_Q_BotTests.framework; sourceTree = BUILT_PRODUCTS_DIR; };
		A5B6518B7D2E2215B3403F6E /* Pods_Q_BotUITests.framework */ = {isa = PBXFileReference; explicitFileType = wrapper.framework; includeInIndex = 0; path = Pods_Q_BotUITests.framework; sourceTree = BUILT_PRODUCTS_DIR; };
		C72313103E7A41A437E80595 /* Pods_Q_Bot.framework */ = {isa = PBXFileReference; explicitFileType = wrapper.framework; includeInIndex = 0; path = Pods_Q_Bot.framework; sourceTree = BUILT_PRODUCTS_DIR; };
		D8F9FF11C08916F059E94635 /* Pods-Q-Bot.release.xcconfig */ = {isa = PBXFileReference; includeInIndex = 1; lastKnownFileType = text.xcconfig; name = "Pods-Q-Bot.release.xcconfig"; path = "Target Support Files/Pods-Q-Bot/Pods-Q-Bot.release.xcconfig"; sourceTree = "<group>"; };
		E4BB50E097703887CC8ABBAE /* Pods-Q-BotUITests.release.xcconfig */ = {isa = PBXFileReference; includeInIndex = 1; lastKnownFileType = text.xcconfig; name = "Pods-Q-BotUITests.release.xcconfig"; path = "Target Support Files/Pods-Q-BotUITests/Pods-Q-BotUITests.release.xcconfig"; sourceTree = "<group>"; };
		E71B429B196F5F70D9D8C59D /* Pods-Q-BotTests.release.xcconfig */ = {isa = PBXFileReference; includeInIndex = 1; lastKnownFileType = text.xcconfig; name = "Pods-Q-BotTests.release.xcconfig"; path = "Target Support Files/Pods-Q-BotTests/Pods-Q-BotTests.release.xcconfig"; sourceTree = "<group>"; };
		F3591A78918475F26A57959C /* Pods-Q-Bot.debug.xcconfig */ = {isa = PBXFileReference; includeInIndex = 1; lastKnownFileType = text.xcconfig; name = "Pods-Q-Bot.debug.xcconfig"; path = "Target Support Files/Pods-Q-Bot/Pods-Q-Bot.debug.xcconfig"; sourceTree = "<group>"; };
		FB1904C52154358B0092640A /* Key.swift */ = {isa = PBXFileReference; fileEncoding = 4; lastKnownFileType = sourcecode.swift; path = Key.swift; sourceTree = "<group>"; };
		FB3B4328223FF5F5005D405F /* Head.swift */ = {isa = PBXFileReference; lastKnownFileType = sourcecode.swift; path = Head.swift; sourceTree = "<group>"; };
		FB3B432A2243C75D005D405F /* ThudRumbleVideoClip.swift */ = {isa = PBXFileReference; lastKnownFileType = sourcecode.swift; path = ThudRumbleVideoClip.swift; sourceTree = "<group>"; };
		FB3B43302244886A005D405F /* ThudRumbleButton.xib */ = {isa = PBXFileReference; lastKnownFileType = file.xib; path = ThudRumbleButton.xib; sourceTree = "<group>"; };
		FB469DF922470F160042961F /* Tips.m4v */ = {isa = PBXFileReference; lastKnownFileType = file; path = Tips.m4v; sourceTree = "<group>"; };
		FB469DFA22470F170042961F /* Fades.m4v */ = {isa = PBXFileReference; lastKnownFileType = file; path = Fades.m4v; sourceTree = "<group>"; };
		FB469DFB22470F190042961F /* Dicing.m4v */ = {isa = PBXFileReference; lastKnownFileType = file; path = Dicing.m4v; sourceTree = "<group>"; };
		FB469DFC22470F1A0042961F /* 2-Click Flare.m4v */ = {isa = PBXFileReference; lastKnownFileType = file; path = "2-Click Flare.m4v"; sourceTree = "<group>"; };
		FB469DFD22470F1B0042961F /* Chirp Flare.m4v */ = {isa = PBXFileReference; lastKnownFileType = file; path = "Chirp Flare.m4v"; sourceTree = "<group>"; };
		FB469DFE22470F1C0042961F /* Cutting.m4v */ = {isa = PBXFileReference; lastKnownFileType = file; path = Cutting.m4v; sourceTree = "<group>"; };
		FB469DFF22470F1D0042961F /* Marches.m4v */ = {isa = PBXFileReference; lastKnownFileType = file; path = Marches.m4v; sourceTree = "<group>"; };
		FB469E0022470F1F0042961F /* Vlad Dufmeister.m4v */ = {isa = PBXFileReference; lastKnownFileType = file; path = "Vlad Dufmeister.m4v"; sourceTree = "<group>"; };
		FB469E0122470F240042961F /* Deck Demon.m4v */ = {isa = PBXFileReference; lastKnownFileType = file; path = "Deck Demon.m4v"; sourceTree = "<group>"; };
		FB469E0222470F250042961F /* Drags.m4v */ = {isa = PBXFileReference; lastKnownFileType = file; path = Drags.m4v; sourceTree = "<group>"; };
		FB469E0322470F260042961F /* Flare.m4v */ = {isa = PBXFileReference; lastKnownFileType = file; path = Flare.m4v; sourceTree = "<group>"; };
		FB469E0422470F270042961F /* Needle-Dropping.m4v */ = {isa = PBXFileReference; lastKnownFileType = file; path = "Needle-Dropping.m4v"; sourceTree = "<group>"; };
		FB469E0522470F290042961F /* Bang.m4v */ = {isa = PBXFileReference; lastKnownFileType = file; path = Bang.m4v; sourceTree = "<group>"; };
		FB469E0622470F2A0042961F /* Waves.m4v */ = {isa = PBXFileReference; lastKnownFileType = file; path = Waves.m4v; sourceTree = "<group>"; };
		FB469E0722470F2B0042961F /* Tears.m4v */ = {isa = PBXFileReference; lastKnownFileType = file; path = Tears.m4v; sourceTree = "<group>"; };
		FB469E0822470F2C0042961F /* Swipes.m4v */ = {isa = PBXFileReference; lastKnownFileType = file; path = Swipes.m4v; sourceTree = "<group>"; };
		FB469E0922470F2E0042961F /* Crabs (Crepes).m4v */ = {isa = PBXFileReference; lastKnownFileType = file; path = "Crabs (Crepes).m4v"; sourceTree = "<group>"; };
		FB469E0A22470F2F0042961F /* Zig-Zags.m4v */ = {isa = PBXFileReference; lastKnownFileType = file; path = "Zig-Zags.m4v"; sourceTree = "<group>"; };
		FB469E0B22470F300042961F /* Long-Short Tip Tears.m4v */ = {isa = PBXFileReference; lastKnownFileType = file; path = "Long-Short Tip Tears.m4v"; sourceTree = "<group>"; };
		FB469E0C22470F320042961F /* Punt Rawk.m4v */ = {isa = PBXFileReference; lastKnownFileType = file; path = "Punt Rawk.m4v"; sourceTree = "<group>"; };
		FB469E0D22470F340042961F /* DJ Spy-D and The Spawnster.m4v */ = {isa = PBXFileReference; lastKnownFileType = file; path = "DJ Spy-D and The Spawnster.m4v"; sourceTree = "<group>"; };
		FB469E0E22470F360042961F /* Transformer.m4v */ = {isa = PBXFileReference; lastKnownFileType = file; path = Transformer.m4v; sourceTree = "<group>"; };
		FB469E0F22470F380042961F /* Lambchop.m4v */ = {isa = PBXFileReference; lastKnownFileType = file; path = Lambchop.m4v; sourceTree = "<group>"; };
		FB469E1022470F390042961F /* Reverse Cutting.m4v */ = {isa = PBXFileReference; lastKnownFileType = file; path = "Reverse Cutting.m4v"; sourceTree = "<group>"; };
		FB469E1122470F3B0042961F /* Chirps.m4v */ = {isa = PBXFileReference; lastKnownFileType = file; path = Chirps.m4v; sourceTree = "<group>"; };
		FB469E1222470F3D0042961F /* Crescent Flare.m4v */ = {isa = PBXFileReference; lastKnownFileType = file; path = "Crescent Flare.m4v"; sourceTree = "<group>"; };
		FB469E1322470F3E0042961F /* Lazers.m4v */ = {isa = PBXFileReference; lastKnownFileType = file; path = Lazers.m4v; sourceTree = "<group>"; };
		FB469E1422470F400042961F /* Phazers.m4v */ = {isa = PBXFileReference; lastKnownFileType = file; path = Phazers.m4v; sourceTree = "<group>"; };
		FB469E1522470F440042961F /* Q-Bert.m4v */ = {isa = PBXFileReference; lastKnownFileType = file; path = "Q-Bert.m4v"; sourceTree = "<group>"; };
		FB469E1622470F460042961F /* Clover Tears.m4v */ = {isa = PBXFileReference; lastKnownFileType = file; path = "Clover Tears.m4v"; sourceTree = "<group>"; };
		FB469E1722470F490042961F /* 1-Click Flare.m4v */ = {isa = PBXFileReference; lastKnownFileType = file; path = "1-Click Flare.m4v"; sourceTree = "<group>"; };
		FB469E1822470F4A0042961F /* Baby.m4v */ = {isa = PBXFileReference; lastKnownFileType = file; path = Baby.m4v; sourceTree = "<group>"; };
		FB469E1922470F4C0042961F /* Scribbles.m4v */ = {isa = PBXFileReference; lastKnownFileType = file; path = Scribbles.m4v; sourceTree = "<group>"; };
		FB716DFA2173FB16008D090E /* DIY Skratching Vol. 1 Remix.entitlements */ = {isa = PBXFileReference; lastKnownFileType = text.plist.entitlements; path = "DIY Skratching Vol. 1 Remix.entitlements"; sourceTree = "<group>"; };
		FB716DFC2173FB18008D090E /* CloudKit.framework */ = {isa = PBXFileReference; lastKnownFileType = wrapper.framework; name = CloudKit.framework; path = System/Library/Frameworks/CloudKit.framework; sourceTree = SDKROOT; };
		FB78ABF2214C10030010039E /* Q-Bot.app */ = {isa = PBXFileReference; explicitFileType = wrapper.application; includeInIndex = 0; path = "Q-Bot.app"; sourceTree = BUILT_PRODUCTS_DIR; };
		FB78ABF5214C10030010039E /* QBot.swift */ = {isa = PBXFileReference; lastKnownFileType = sourcecode.swift; path = QBot.swift; sourceTree = "<group>"; };
		FB78ABF7214C10030010039E /* Face.swift */ = {isa = PBXFileReference; lastKnownFileType = sourcecode.swift; path = Face.swift; sourceTree = "<group>"; };
		FB78ABFA214C10030010039E /* Base */ = {isa = PBXFileReference; lastKnownFileType = file.storyboard; name = Base; path = Base.lproj/Main.storyboard; sourceTree = "<group>"; };
		FB78ABFD214C10030010039E /* DIY_Skratching_Vol__1_Remix.xcdatamodel */ = {isa = PBXFileReference; lastKnownFileType = wrapper.xcdatamodel; path = DIY_Skratching_Vol__1_Remix.xcdatamodel; sourceTree = "<group>"; };
		FB78ABFF214C10040010039E /* Assets.xcassets */ = {isa = PBXFileReference; lastKnownFileType = folder.assetcatalog; path = Assets.xcassets; sourceTree = "<group>"; };
		FB78AC02214C10040010039E /* Base */ = {isa = PBXFileReference; lastKnownFileType = file.storyboard; name = Base; path = Base.lproj/LaunchScreen.storyboard; sourceTree = "<group>"; };
		FB78AC04214C10040010039E /* Info.plist */ = {isa = PBXFileReference; lastKnownFileType = text.plist.xml; path = Info.plist; sourceTree = "<group>"; };
		FB78AC09214C10040010039E /* Q-BotTests.xctest */ = {isa = PBXFileReference; explicitFileType = wrapper.cfbundle; includeInIndex = 0; path = "Q-BotTests.xctest"; sourceTree = BUILT_PRODUCTS_DIR; };
		FB78AC0D214C10040010039E /* DIY_Skratching_Vol__1_RemixTests.swift */ = {isa = PBXFileReference; lastKnownFileType = sourcecode.swift; path = DIY_Skratching_Vol__1_RemixTests.swift; sourceTree = "<group>"; };
		FB78AC0F214C10040010039E /* Info.plist */ = {isa = PBXFileReference; lastKnownFileType = text.plist.xml; path = Info.plist; sourceTree = "<group>"; };
		FB78AC14214C10040010039E /* Q-BotUITests.xctest */ = {isa = PBXFileReference; explicitFileType = wrapper.cfbundle; includeInIndex = 0; path = "Q-BotUITests.xctest"; sourceTree = BUILT_PRODUCTS_DIR; };
		FB78AC18214C10040010039E /* DIY_Skratching_Vol__1_RemixUITests.swift */ = {isa = PBXFileReference; lastKnownFileType = sourcecode.swift; path = DIY_Skratching_Vol__1_RemixUITests.swift; sourceTree = "<group>"; };
		FB78AC1A214C10040010039E /* Info.plist */ = {isa = PBXFileReference; lastKnownFileType = text.plist.xml; path = Info.plist; sourceTree = "<group>"; };
		FBADD575217BC2AF00A5EB31 /* Play.swift */ = {isa = PBXFileReference; lastKnownFileType = sourcecode.swift; path = Play.swift; sourceTree = "<group>"; };
		FBADD577217BC2B500A5EB31 /* State.swift */ = {isa = PBXFileReference; lastKnownFileType = sourcecode.swift; path = State.swift; sourceTree = "<group>"; };
		FBADD579217BC2C100A5EB31 /* Mouth.swift */ = {isa = PBXFileReference; lastKnownFileType = sourcecode.swift; path = Mouth.swift; sourceTree = "<group>"; };
		FBADD57B217BC2D200A5EB31 /* Ears.swift */ = {isa = PBXFileReference; lastKnownFileType = sourcecode.swift; path = Ears.swift; sourceTree = "<group>"; };
		FBADD57D217E15FB00A5EB31 /* SkratchName.swift */ = {isa = PBXFileReference; lastKnownFileType = sourcecode.swift; path = SkratchName.swift; sourceTree = "<group>"; };
		FBF1E101225BC20500F58E22 /* urei click.mp3 */ = {isa = PBXFileReference; lastKnownFileType = audio.mp3; path = "urei click.mp3"; sourceTree = "<group>"; };
/* End PBXFileReference section */

/* Begin PBXFrameworksBuildPhase section */
		FB78ABEF214C10030010039E /* Frameworks */ = {
			isa = PBXFrameworksBuildPhase;
			buildActionMask = 2147483647;
			files = (
				FB716DFD2173FB18008D090E /* CloudKit.framework in Frameworks */,
				374B67940A14BDD635836570 /* Pods_Q_Bot.framework in Frameworks */,
			);
			runOnlyForDeploymentPostprocessing = 0;
		};
		FB78AC06214C10040010039E /* Frameworks */ = {
			isa = PBXFrameworksBuildPhase;
			buildActionMask = 2147483647;
			files = (
				4C7DAE9D98829A1DF2B323B6 /* Pods_Q_BotTests.framework in Frameworks */,
			);
			runOnlyForDeploymentPostprocessing = 0;
		};
		FB78AC11214C10040010039E /* Frameworks */ = {
			isa = PBXFrameworksBuildPhase;
			buildActionMask = 2147483647;
			files = (
				DDD47630B581376B3159F139 /* Pods_Q_BotUITests.framework in Frameworks */,
			);
			runOnlyForDeploymentPostprocessing = 0;
		};
/* End PBXFrameworksBuildPhase section */

/* Begin PBXGroup section */
		B4CC8FD40C284FDEBDE3755F /* Pods */ = {
			isa = PBXGroup;
			children = (
				F3591A78918475F26A57959C /* Pods-Q-Bot.debug.xcconfig */,
				D8F9FF11C08916F059E94635 /* Pods-Q-Bot.release.xcconfig */,
				5DE10E84E97F7022480BDF9E /* Pods-Q-BotTests.debug.xcconfig */,
				E71B429B196F5F70D9D8C59D /* Pods-Q-BotTests.release.xcconfig */,
				5C6F93FF7FC334B4257375A7 /* Pods-Q-BotUITests.debug.xcconfig */,
				E4BB50E097703887CC8ABBAE /* Pods-Q-BotUITests.release.xcconfig */,
			);
			path = Pods;
			sourceTree = "<group>";
		};
		FB469DF82247024C0042961F /* Videos */ = {
			isa = PBXGroup;
			children = (
				FB469E1722470F490042961F /* 1-Click Flare.m4v */,
				FB469DFC22470F1A0042961F /* 2-Click Flare.m4v */,
				FB469E1822470F4A0042961F /* Baby.m4v */,
				FB469E0522470F290042961F /* Bang.m4v */,
				FB469DFD22470F1B0042961F /* Chirp Flare.m4v */,
				FB469E1122470F3B0042961F /* Chirps.m4v */,
				FB469E1622470F460042961F /* Clover Tears.m4v */,
				FB469E0922470F2E0042961F /* Crabs (Crepes).m4v */,
				FB469E1222470F3D0042961F /* Crescent Flare.m4v */,
				FB469DFE22470F1C0042961F /* Cutting.m4v */,
				FB469E0122470F240042961F /* Deck Demon.m4v */,
				FB469DFB22470F190042961F /* Dicing.m4v */,
				FB469E0D22470F340042961F /* DJ Spy-D and The Spawnster.m4v */,
				FB469E0222470F250042961F /* Drags.m4v */,
				FB469DFA22470F170042961F /* Fades.m4v */,
				FB469E0322470F260042961F /* Flare.m4v */,
				FB469E0F22470F380042961F /* Lambchop.m4v */,
				FB469E1322470F3E0042961F /* Lazers.m4v */,
				FB469E0B22470F300042961F /* Long-Short Tip Tears.m4v */,
				FB469DFF22470F1D0042961F /* Marches.m4v */,
				FB469E0422470F270042961F /* Needle-Dropping.m4v */,
				FB469E1422470F400042961F /* Phazers.m4v */,
				FB469E0C22470F320042961F /* Punt Rawk.m4v */,
				FB469E1522470F440042961F /* Q-Bert.m4v */,
				FB469E1022470F390042961F /* Reverse Cutting.m4v */,
				FB469E1922470F4C0042961F /* Scribbles.m4v */,
				FB469E0822470F2C0042961F /* Swipes.m4v */,
				FB469E0722470F2B0042961F /* Tears.m4v */,
				FB469DF922470F160042961F /* Tips.m4v */,
				FB469E0E22470F360042961F /* Transformer.m4v */,
				FB469E0022470F1F0042961F /* Vlad Dufmeister.m4v */,
				FB469E0622470F2A0042961F /* Waves.m4v */,
				FB469E0A22470F2F0042961F /* Zig-Zags.m4v */,
			);
			path = Videos;
			sourceTree = "<group>";
		};
		FB716DFB2173FB18008D090E /* Frameworks */ = {
			isa = PBXGroup;
			children = (
				FB716DFC2173FB18008D090E /* CloudKit.framework */,
				C72313103E7A41A437E80595 /* Pods_Q_Bot.framework */,
				9CE4651681F5D876C127BC6F /* Pods_Q_BotTests.framework */,
				A5B6518B7D2E2215B3403F6E /* Pods_Q_BotUITests.framework */,
			);
			name = Frameworks;
			sourceTree = "<group>";
		};
		FB78ABE9214C10030010039E = {
			isa = PBXGroup;
			children = (
				FB78ABF4214C10030010039E /* DIY Skratching Vol. 1 Remix */,
				FB78AC0C214C10040010039E /* DIY Skratching Vol. 1 RemixTests */,
				FB78AC17214C10040010039E /* DIY Skratching Vol. 1 RemixUITests */,
				FB78ABF3214C10030010039E /* Products */,
				FB716DFB2173FB18008D090E /* Frameworks */,
				B4CC8FD40C284FDEBDE3755F /* Pods */,
			);
			sourceTree = "<group>";
		};
		FB78ABF3214C10030010039E /* Products */ = {
			isa = PBXGroup;
			children = (
				FB78ABF2214C10030010039E /* Q-Bot.app */,
				FB78AC09214C10040010039E /* Q-BotTests.xctest */,
				FB78AC14214C10040010039E /* Q-BotUITests.xctest */,
			);
			name = Products;
			sourceTree = "<group>";
		};
		FB78ABF4214C10030010039E /* DIY Skratching Vol. 1 Remix */ = {
			isa = PBXGroup;
			children = (
				FB716DFA2173FB16008D090E /* DIY Skratching Vol. 1 Remix.entitlements */,
				FBADD57D217E15FB00A5EB31 /* SkratchName.swift */,
				FB78ABF5214C10030010039E /* QBot.swift */,
				FB3B432A2243C75D005D405F /* ThudRumbleVideoClip.swift */,
				FB3B4328223FF5F5005D405F /* Head.swift */,
				FB1904C52154358B0092640A /* Key.swift */,
				FB78ABF7214C10030010039E /* Face.swift */,
				FBF1E101225BC20500F58E22 /* urei click.mp3 */,
				FB469DF82247024C0042961F /* Videos */,
				FB78ABF9214C10030010039E /* Main.storyboard */,
				FB78ABFF214C10040010039E /* Assets.xcassets */,
				FB78AC01214C10040010039E /* LaunchScreen.storyboard */,
				FB78AC04214C10040010039E /* Info.plist */,
				FBADD575217BC2AF00A5EB31 /* Play.swift */,
				FBADD577217BC2B500A5EB31 /* State.swift */,
				FBADD579217BC2C100A5EB31 /* Mouth.swift */,
				FBADD57B217BC2D200A5EB31 /* Ears.swift */,
				FB78ABFC214C10030010039E /* DIY_Skratching_Vol__1_Remix.xcdatamodeld */,
				FB3B43302244886A005D405F /* ThudRumbleButton.xib */,
			);
			path = "DIY Skratching Vol. 1 Remix";
			sourceTree = "<group>";
		};
		FB78AC0C214C10040010039E /* DIY Skratching Vol. 1 RemixTests */ = {
			isa = PBXGroup;
			children = (
				FB78AC0D214C10040010039E /* DIY_Skratching_Vol__1_RemixTests.swift */,
				FB78AC0F214C10040010039E /* Info.plist */,
			);
			path = "DIY Skratching Vol. 1 RemixTests";
			sourceTree = "<group>";
		};
		FB78AC17214C10040010039E /* DIY Skratching Vol. 1 RemixUITests */ = {
			isa = PBXGroup;
			children = (
				FB78AC18214C10040010039E /* DIY_Skratching_Vol__1_RemixUITests.swift */,
				FB78AC1A214C10040010039E /* Info.plist */,
			);
			path = "DIY Skratching Vol. 1 RemixUITests";
			sourceTree = "<group>";
		};
/* End PBXGroup section */

/* Begin PBXNativeTarget section */
		FB78ABF1214C10030010039E /* Q-Bot */ = {
			isa = PBXNativeTarget;
			buildConfigurationList = FB78AC1D214C10040010039E /* Build configuration list for PBXNativeTarget "Q-Bot" */;
			buildPhases = (
				F8FE3241523F9869FD1ACB1A /* [CP] Check Pods Manifest.lock */,
				FB89D5BD21737969002FAB5D /* ShellScript */,
				FB78ABEE214C10030010039E /* Sources */,
				FB78ABEF214C10030010039E /* Frameworks */,
				FB78ABF0214C10030010039E /* Resources */,
				FB89D5BC21737968002FAB5D /* ShellScript */,
				9ECB1317C536B2EDF00C62C5 /* [CP] Embed Pods Frameworks */,
			);
			buildRules = (
			);
			dependencies = (
			);
			name = "Q-Bot";
			productName = "DIY Skratching Vol. 1 Remix";
			productReference = FB78ABF2214C10030010039E /* Q-Bot.app */;
			productType = "com.apple.product-type.application";
		};
		FB78AC08214C10040010039E /* Q-BotTests */ = {
			isa = PBXNativeTarget;
			buildConfigurationList = FB78AC20214C10040010039E /* Build configuration list for PBXNativeTarget "Q-BotTests" */;
			buildPhases = (
				BE8BA44EC936F5B98F72DA99 /* [CP] Check Pods Manifest.lock */,
				FB78AC05214C10040010039E /* Sources */,
				FB78AC06214C10040010039E /* Frameworks */,
				FB78AC07214C10040010039E /* Resources */,
			);
			buildRules = (
			);
			dependencies = (
				FB78AC0B214C10040010039E /* PBXTargetDependency */,
			);
			name = "Q-BotTests";
			productName = "DIY Skratching Vol. 1 RemixTests";
			productReference = FB78AC09214C10040010039E /* Q-BotTests.xctest */;
			productType = "com.apple.product-type.bundle.unit-test";
		};
		FB78AC13214C10040010039E /* Q-BotUITests */ = {
			isa = PBXNativeTarget;
			buildConfigurationList = FB78AC23214C10040010039E /* Build configuration list for PBXNativeTarget "Q-BotUITests" */;
			buildPhases = (
				F4709956E5FDF54A37920C29 /* [CP] Check Pods Manifest.lock */,
				FB78AC10214C10040010039E /* Sources */,
				FB78AC11214C10040010039E /* Frameworks */,
				FB78AC12214C10040010039E /* Resources */,
			);
			buildRules = (
			);
			dependencies = (
				FB78AC16214C10040010039E /* PBXTargetDependency */,
			);
			name = "Q-BotUITests";
			productName = "DIY Skratching Vol. 1 RemixUITests";
			productReference = FB78AC14214C10040010039E /* Q-BotUITests.xctest */;
			productType = "com.apple.product-type.bundle.ui-testing";
		};
/* End PBXNativeTarget section */

/* Begin PBXProject section */
		FB78ABEA214C10030010039E /* Project object */ = {
			isa = PBXProject;
			attributes = {
				LastSwiftUpdateCheck = 0940;
				LastUpgradeCheck = 0940;
				ORGANIZATIONNAME = "Jeane Limited Liability Corporation";
				TargetAttributes = {
					FB78ABF1214C10030010039E = {
						CreatedOnToolsVersion = 9.4.1;
						LastSwiftMigration = 1000;
						SystemCapabilities = {
							com.apple.BackgroundModes = {
								enabled = 1;
							};
							com.apple.Push = {
								enabled = 1;
							};
							com.apple.iCloud = {
								enabled = 1;
							};
						};
					};
					FB78AC08214C10040010039E = {
						CreatedOnToolsVersion = 9.4.1;
						LastSwiftMigration = 1000;
						TestTargetID = FB78ABF1214C10030010039E;
					};
					FB78AC13214C10040010039E = {
						CreatedOnToolsVersion = 9.4.1;
						LastSwiftMigration = 1000;
						TestTargetID = FB78ABF1214C10030010039E;
					};
				};
			};
			buildConfigurationList = FB78ABED214C10030010039E /* Build configuration list for PBXProject "Q-Bot" */;
			compatibilityVersion = "Xcode 9.3";
			developmentRegion = en;
			hasScannedForEncodings = 0;
			knownRegions = (
				en,
				Base,
			);
			mainGroup = FB78ABE9214C10030010039E;
			productRefGroup = FB78ABF3214C10030010039E /* Products */;
			projectDirPath = "";
			projectRoot = "";
			targets = (
				FB78ABF1214C10030010039E /* Q-Bot */,
				FB78AC08214C10040010039E /* Q-BotTests */,
				FB78AC13214C10040010039E /* Q-BotUITests */,
			);
		};
/* End PBXProject section */

/* Begin PBXResourcesBuildPhase section */
		FB78ABF0214C10030010039E /* Resources */ = {
			isa = PBXResourcesBuildPhase;
			buildActionMask = 2147483647;
			files = (
				FBF1E0F4225AA22E00F58E22 /* Needle-Dropping.m4v in Resources */,
				FBF1E0E9225AA22E00F58E22 /* Cutting.m4v in Resources */,
				FBF1E0F8225AA22E00F58E22 /* Reverse Cutting.m4v in Resources */,
				FBF1E0EE225AA22E00F58E22 /* Fades.m4v in Resources */,
				FBF1E0E0225AA22E00F58E22 /* 1-Click Flare.m4v in Resources */,
				FBF1E0FE225AA22E00F58E22 /* Vlad Dufmeister.m4v in Resources */,
				FBF1E0EB225AA22E00F58E22 /* Dicing.m4v in Resources */,
				FBF1E0E5225AA22E00F58E22 /* Chirps.m4v in Resources */,
				FBF1E0E7225AA22E00F58E22 /* Crabs (Crepes).m4v in Resources */,
				FBF1E0FA225AA22E00F58E22 /* Swipes.m4v in Resources */,
				FBF1E0F2225AA22E00F58E22 /* Long-Short Tip Tears.m4v in Resources */,
				FB78AC03214C10040010039E /* LaunchScreen.storyboard in Resources */,
				FBF1E0FB225AA22E00F58E22 /* Tears.m4v in Resources */,
				FBF1E0E8225AA22E00F58E22 /* Crescent Flare.m4v in Resources */,
				FBF1E0FC225AA22E00F58E22 /* Tips.m4v in Resources */,
				FBF1E0E3225AA22E00F58E22 /* Bang.m4v in Resources */,
				FBF1E0F7225AA22E00F58E22 /* Q-Bert.m4v in Resources */,
				FBF1E0EF225AA22E00F58E22 /* Flare.m4v in Resources */,
				FBF1E0EA225AA22E00F58E22 /* Deck Demon.m4v in Resources */,
				FBF1E0E1225AA22E00F58E22 /* 2-Click Flare.m4v in Resources */,
				FBF1E0F6225AA22E00F58E22 /* Punt Rawk.m4v in Resources */,
				FBF1E0E4225AA22E00F58E22 /* Chirp Flare.m4v in Resources */,
				FB78AC00214C10040010039E /* Assets.xcassets in Resources */,
				FBF1E0FD225AA22E00F58E22 /* Transformer.m4v in Resources */,
				FBF1E0EC225AA22E00F58E22 /* DJ Spy-D and The Spawnster.m4v in Resources */,
				FBF1E0F3225AA22E00F58E22 /* Marches.m4v in Resources */,
				FBF1E0F1225AA22E00F58E22 /* Lazers.m4v in Resources */,
				FBF1E0ED225AA22E00F58E22 /* Drags.m4v in Resources */,
				FB78ABFB214C10030010039E /* Main.storyboard in Resources */,
				FBF1E100225AA22E00F58E22 /* Zig-Zags.m4v in Resources */,
				FBF1E0E2225AA22E00F58E22 /* Baby.m4v in Resources */,
				FBF1E0FF225AA22E00F58E22 /* Waves.m4v in Resources */,
				FBF1E0F5225AA22E00F58E22 /* Phazers.m4v in Resources */,
				FBF1E102225BC20500F58E22 /* urei click.mp3 in Resources */,
				FBF1E0E6225AA22E00F58E22 /* Clover Tears.m4v in Resources */,
				FBF1E0F0225AA22E00F58E22 /* Lambchop.m4v in Resources */,
				FBF1E0F9225AA22E00F58E22 /* Scribbles.m4v in Resources */,
			);
			runOnlyForDeploymentPostprocessing = 0;
		};
		FB78AC07214C10040010039E /* Resources */ = {
			isa = PBXResourcesBuildPhase;
			buildActionMask = 2147483647;
			files = (
			);
			runOnlyForDeploymentPostprocessing = 0;
		};
		FB78AC12214C10040010039E /* Resources */ = {
			isa = PBXResourcesBuildPhase;
			buildActionMask = 2147483647;
			files = (
			);
			runOnlyForDeploymentPostprocessing = 0;
		};
/* End PBXResourcesBuildPhase section */

/* Begin PBXShellScriptBuildPhase section */
		9ECB1317C536B2EDF00C62C5 /* [CP] Embed Pods Frameworks */ = {
			isa = PBXShellScriptBuildPhase;
			buildActionMask = 2147483647;
			files = (
			);
			inputFileListPaths = (
			);
			inputPaths = (
				"${PODS_ROOT}/Target Support Files/Pods-Q-Bot/Pods-Q-Bot-frameworks.sh",
				"${BUILT_PRODUCTS_DIR}/Repeat/Repeat.framework",
				"${BUILT_PRODUCTS_DIR}/VerticalSlider/VerticalSlider.framework",
			);
			name = "[CP] Embed Pods Frameworks";
			outputFileListPaths = (
			);
			outputPaths = (
				"${TARGET_BUILD_DIR}/${FRAMEWORKS_FOLDER_PATH}/Repeat.framework",
				"${TARGET_BUILD_DIR}/${FRAMEWORKS_FOLDER_PATH}/VerticalSlider.framework",
			);
			runOnlyForDeploymentPostprocessing = 0;
			shellPath = /bin/sh;
			shellScript = "\"${PODS_ROOT}/Target Support Files/Pods-Q-Bot/Pods-Q-Bot-frameworks.sh\"\n";
			showEnvVarsInLog = 0;
		};
		BE8BA44EC936F5B98F72DA99 /* [CP] Check Pods Manifest.lock */ = {
			isa = PBXShellScriptBuildPhase;
			buildActionMask = 2147483647;
			files = (
			);
			inputFileListPaths = (
			);
			inputPaths = (
				"${PODS_PODFILE_DIR_PATH}/Podfile.lock",
				"${PODS_ROOT}/Manifest.lock",
			);
			name = "[CP] Check Pods Manifest.lock";
			outputFileListPaths = (
			);
			outputPaths = (
				"$(DERIVED_FILE_DIR)/Pods-Q-BotTests-checkManifestLockResult.txt",
			);
			runOnlyForDeploymentPostprocessing = 0;
			shellPath = /bin/sh;
			shellScript = "diff \"${PODS_PODFILE_DIR_PATH}/Podfile.lock\" \"${PODS_ROOT}/Manifest.lock\" > /dev/null\nif [ $? != 0 ] ; then\n    # print error to STDERR\n    echo \"error: The sandbox is not in sync with the Podfile.lock. Run 'pod install' or update your CocoaPods installation.\" >&2\n    exit 1\nfi\n# This output is used by Xcode 'outputs' to avoid re-running this script phase.\necho \"SUCCESS\" > \"${SCRIPT_OUTPUT_FILE_0}\"\n";
			showEnvVarsInLog = 0;
		};
		F4709956E5FDF54A37920C29 /* [CP] Check Pods Manifest.lock */ = {
			isa = PBXShellScriptBuildPhase;
			buildActionMask = 2147483647;
			files = (
			);
			inputFileListPaths = (
			);
			inputPaths = (
				"${PODS_PODFILE_DIR_PATH}/Podfile.lock",
				"${PODS_ROOT}/Manifest.lock",
			);
			name = "[CP] Check Pods Manifest.lock";
			outputFileListPaths = (
			);
			outputPaths = (
				"$(DERIVED_FILE_DIR)/Pods-Q-BotUITests-checkManifestLockResult.txt",
			);
			runOnlyForDeploymentPostprocessing = 0;
			shellPath = /bin/sh;
			shellScript = "diff \"${PODS_PODFILE_DIR_PATH}/Podfile.lock\" \"${PODS_ROOT}/Manifest.lock\" > /dev/null\nif [ $? != 0 ] ; then\n    # print error to STDERR\n    echo \"error: The sandbox is not in sync with the Podfile.lock. Run 'pod install' or update your CocoaPods installation.\" >&2\n    exit 1\nfi\n# This output is used by Xcode 'outputs' to avoid re-running this script phase.\necho \"SUCCESS\" > \"${SCRIPT_OUTPUT_FILE_0}\"\n";
			showEnvVarsInLog = 0;
		};
		F8FE3241523F9869FD1ACB1A /* [CP] Check Pods Manifest.lock */ = {
			isa = PBXShellScriptBuildPhase;
			buildActionMask = 2147483647;
			files = (
			);
			inputFileListPaths = (
			);
			inputPaths = (
				"${PODS_PODFILE_DIR_PATH}/Podfile.lock",
				"${PODS_ROOT}/Manifest.lock",
			);
			name = "[CP] Check Pods Manifest.lock";
			outputFileListPaths = (
			);
			outputPaths = (
				"$(DERIVED_FILE_DIR)/Pods-Q-Bot-checkManifestLockResult.txt",
			);
			runOnlyForDeploymentPostprocessing = 0;
			shellPath = /bin/sh;
			shellScript = "diff \"${PODS_PODFILE_DIR_PATH}/Podfile.lock\" \"${PODS_ROOT}/Manifest.lock\" > /dev/null\nif [ $? != 0 ] ; then\n    # print error to STDERR\n    echo \"error: The sandbox is not in sync with the Podfile.lock. Run 'pod install' or update your CocoaPods installation.\" >&2\n    exit 1\nfi\n# This output is used by Xcode 'outputs' to avoid re-running this script phase.\necho \"SUCCESS\" > \"${SCRIPT_OUTPUT_FILE_0}\"\n";
			showEnvVarsInLog = 0;
		};
		FB89D5BC21737968002FAB5D /* ShellScript */ = {
			isa = PBXShellScriptBuildPhase;
			buildActionMask = 2147483647;
			files = (
			);
			inputFileListPaths = (
			);
			inputPaths = (
			);
			outputFileListPaths = (
			);
			outputPaths = (
			);
			runOnlyForDeploymentPostprocessing = 0;
			shellPath = /bin/sh;
			shellScript = "buildNumber=$(/usr/libexec/PlistBuddy -c \"Print CFBundleVersion\" \"${PROJECT_DIR}/${INFOPLIST_FILE}\")\nbuildNumber=$(($buildNumber + 1))\n/usr/libexec/PlistBuddy -c \"Set :CFBundleVersion $buildNumber\" \"${PROJECT_DIR}/${INFOPLIST_FILE}\"\n";
		};
		FB89D5BD21737969002FAB5D /* ShellScript */ = {
			isa = PBXShellScriptBuildPhase;
			buildActionMask = 2147483647;
			files = (
			);
			inputFileListPaths = (
			);
			inputPaths = (
			);
			outputFileListPaths = (
			);
			outputPaths = (
			);
			runOnlyForDeploymentPostprocessing = 0;
			shellPath = /bin/sh;
			shellScript = "buildNumber=$(/usr/libexec/PlistBuddy -c \"Print CFBundleVersion\" \"${PROJECT_DIR}/${INFOPLIST_FILE}\")\nversionNumber=$(/usr/libexec/PlistBuddy -c \"Print CFBundleShortVersionString\" \"${PROJECT_DIR}/${INFOPLIST_FILE}\")\ngit commit -a -m \"Build $versionNumber($buildNumber) built on `date +' %F at %r'`\"\n";
		};
/* End PBXShellScriptBuildPhase section */

/* Begin PBXSourcesBuildPhase section */
		FB78ABEE214C10030010039E /* Sources */ = {
			isa = PBXSourcesBuildPhase;
			buildActionMask = 2147483647;
			files = (
				FB78ABF8214C10030010039E /* Face.swift in Sources */,
				FB78ABF6214C10030010039E /* QBot.swift in Sources */,
				FBADD578217BC2B500A5EB31 /* State.swift in Sources */,
				FB78ABFE214C10030010039E /* DIY_Skratching_Vol__1_Remix.xcdatamodeld in Sources */,
				FB3B432B2243C75E005D405F /* ThudRumbleVideoClip.swift in Sources */,
				FBADD57A217BC2C100A5EB31 /* Mouth.swift in Sources */,
				FBADD576217BC2AF00A5EB31 /* Play.swift in Sources */,
				FBADD57C217BC2D200A5EB31 /* Ears.swift in Sources */,
				FB1904C62154358B0092640A /* Key.swift in Sources */,
				FB3B4329223FF5F5005D405F /* Head.swift in Sources */,
				FBADD57E217E15FB00A5EB31 /* SkratchName.swift in Sources */,
			);
			runOnlyForDeploymentPostprocessing = 0;
		};
		FB78AC05214C10040010039E /* Sources */ = {
			isa = PBXSourcesBuildPhase;
			buildActionMask = 2147483647;
			files = (
				FB78AC0E214C10040010039E /* DIY_Skratching_Vol__1_RemixTests.swift in Sources */,
			);
			runOnlyForDeploymentPostprocessing = 0;
		};
		FB78AC10214C10040010039E /* Sources */ = {
			isa = PBXSourcesBuildPhase;
			buildActionMask = 2147483647;
			files = (
				FB78AC19214C10040010039E /* DIY_Skratching_Vol__1_RemixUITests.swift in Sources */,
			);
			runOnlyForDeploymentPostprocessing = 0;
		};
/* End PBXSourcesBuildPhase section */

/* Begin PBXTargetDependency section */
		FB78AC0B214C10040010039E /* PBXTargetDependency */ = {
			isa = PBXTargetDependency;
			target = FB78ABF1214C10030010039E /* Q-Bot */;
			targetProxy = FB78AC0A214C10040010039E /* PBXContainerItemProxy */;
		};
		FB78AC16214C10040010039E /* PBXTargetDependency */ = {
			isa = PBXTargetDependency;
			target = FB78ABF1214C10030010039E /* Q-Bot */;
			targetProxy = FB78AC15214C10040010039E /* PBXContainerItemProxy */;
		};
/* End PBXTargetDependency section */

/* Begin PBXVariantGroup section */
		FB78ABF9214C10030010039E /* Main.storyboard */ = {
			isa = PBXVariantGroup;
			children = (
				FB78ABFA214C10030010039E /* Base */,
			);
			name = Main.storyboard;
			sourceTree = "<group>";
		};
		FB78AC01214C10040010039E /* LaunchScreen.storyboard */ = {
			isa = PBXVariantGroup;
			children = (
				FB78AC02214C10040010039E /* Base */,
			);
			name = LaunchScreen.storyboard;
			sourceTree = "<group>";
		};
/* End PBXVariantGroup section */

/* Begin XCBuildConfiguration section */
		FB78AC1B214C10040010039E /* Debug */ = {
			isa = XCBuildConfiguration;
			buildSettings = {
				ALWAYS_SEARCH_USER_PATHS = NO;
				CLANG_ANALYZER_NONNULL = YES;
				CLANG_ANALYZER_NUMBER_OBJECT_CONVERSION = YES_AGGRESSIVE;
				CLANG_CXX_LANGUAGE_STANDARD = "gnu++14";
				CLANG_CXX_LIBRARY = "libc++";
				CLANG_ENABLE_MODULES = YES;
				CLANG_ENABLE_OBJC_ARC = YES;
				CLANG_ENABLE_OBJC_WEAK = YES;
				CLANG_WARN_BLOCK_CAPTURE_AUTORELEASING = YES;
				CLANG_WARN_BOOL_CONVERSION = YES;
				CLANG_WARN_COMMA = YES;
				CLANG_WARN_CONSTANT_CONVERSION = YES;
				CLANG_WARN_DEPRECATED_OBJC_IMPLEMENTATIONS = YES;
				CLANG_WARN_DIRECT_OBJC_ISA_USAGE = YES_ERROR;
				CLANG_WARN_DOCUMENTATION_COMMENTS = YES;
				CLANG_WARN_EMPTY_BODY = YES;
				CLANG_WARN_ENUM_CONVERSION = YES;
				CLANG_WARN_INFINITE_RECURSION = YES;
				CLANG_WARN_INT_CONVERSION = YES;
				CLANG_WARN_NON_LITERAL_NULL_CONVERSION = YES;
				CLANG_WARN_OBJC_IMPLICIT_RETAIN_SELF = YES;
				CLANG_WARN_OBJC_LITERAL_CONVERSION = YES;
				CLANG_WARN_OBJC_ROOT_CLASS = YES_ERROR;
				CLANG_WARN_RANGE_LOOP_ANALYSIS = YES;
				CLANG_WARN_STRICT_PROTOTYPES = YES;
				CLANG_WARN_SUSPICIOUS_MOVE = YES;
				CLANG_WARN_UNGUARDED_AVAILABILITY = YES_AGGRESSIVE;
				CLANG_WARN_UNREACHABLE_CODE = YES;
				CLANG_WARN__DUPLICATE_METHOD_MATCH = YES;
				CODE_SIGN_IDENTITY = "iPhone Developer";
				COPY_PHASE_STRIP = NO;
				DEBUG_INFORMATION_FORMAT = dwarf;
				ENABLE_STRICT_OBJC_MSGSEND = YES;
				ENABLE_TESTABILITY = YES;
				GCC_C_LANGUAGE_STANDARD = gnu11;
				GCC_DYNAMIC_NO_PIC = NO;
				GCC_NO_COMMON_BLOCKS = YES;
				GCC_OPTIMIZATION_LEVEL = 0;
				GCC_PREPROCESSOR_DEFINITIONS = (
					"DEBUG=1",
					"$(inherited)",
				);
				GCC_WARN_64_TO_32_BIT_CONVERSION = YES;
				GCC_WARN_ABOUT_RETURN_TYPE = YES_ERROR;
				GCC_WARN_UNDECLARED_SELECTOR = YES;
				GCC_WARN_UNINITIALIZED_AUTOS = YES_AGGRESSIVE;
				GCC_WARN_UNUSED_FUNCTION = YES;
				GCC_WARN_UNUSED_VARIABLE = YES;
				IPHONEOS_DEPLOYMENT_TARGET = 11.4;
				MTL_ENABLE_DEBUG_INFO = YES;
				ONLY_ACTIVE_ARCH = YES;
				SDKROOT = iphoneos;
				SWIFT_ACTIVE_COMPILATION_CONDITIONS = DEBUG;
				SWIFT_OPTIMIZATION_LEVEL = "-Onone";
			};
			name = Debug;
		};
		FB78AC1C214C10040010039E /* Release */ = {
			isa = XCBuildConfiguration;
			buildSettings = {
				ALWAYS_SEARCH_USER_PATHS = NO;
				CLANG_ANALYZER_NONNULL = YES;
				CLANG_ANALYZER_NUMBER_OBJECT_CONVERSION = YES_AGGRESSIVE;
				CLANG_CXX_LANGUAGE_STANDARD = "gnu++14";
				CLANG_CXX_LIBRARY = "libc++";
				CLANG_ENABLE_MODULES = YES;
				CLANG_ENABLE_OBJC_ARC = YES;
				CLANG_ENABLE_OBJC_WEAK = YES;
				CLANG_WARN_BLOCK_CAPTURE_AUTORELEASING = YES;
				CLANG_WARN_BOOL_CONVERSION = YES;
				CLANG_WARN_COMMA = YES;
				CLANG_WARN_CONSTANT_CONVERSION = YES;
				CLANG_WARN_DEPRECATED_OBJC_IMPLEMENTATIONS = YES;
				CLANG_WARN_DIRECT_OBJC_ISA_USAGE = YES_ERROR;
				CLANG_WARN_DOCUMENTATION_COMMENTS = YES;
				CLANG_WARN_EMPTY_BODY = YES;
				CLANG_WARN_ENUM_CONVERSION = YES;
				CLANG_WARN_INFINITE_RECURSION = YES;
				CLANG_WARN_INT_CONVERSION = YES;
				CLANG_WARN_NON_LITERAL_NULL_CONVERSION = YES;
				CLANG_WARN_OBJC_IMPLICIT_RETAIN_SELF = YES;
				CLANG_WARN_OBJC_LITERAL_CONVERSION = YES;
				CLANG_WARN_OBJC_ROOT_CLASS = YES_ERROR;
				CLANG_WARN_RANGE_LOOP_ANALYSIS = YES;
				CLANG_WARN_STRICT_PROTOTYPES = YES;
				CLANG_WARN_SUSPICIOUS_MOVE = YES;
				CLANG_WARN_UNGUARDED_AVAILABILITY = YES_AGGRESSIVE;
				CLANG_WARN_UNREACHABLE_CODE = YES;
				CLANG_WARN__DUPLICATE_METHOD_MATCH = YES;
				CODE_SIGN_IDENTITY = "iPhone Developer";
				COPY_PHASE_STRIP = NO;
				DEBUG_INFORMATION_FORMAT = "dwarf-with-dsym";
				ENABLE_NS_ASSERTIONS = NO;
				ENABLE_STRICT_OBJC_MSGSEND = YES;
				GCC_C_LANGUAGE_STANDARD = gnu11;
				GCC_NO_COMMON_BLOCKS = YES;
				GCC_WARN_64_TO_32_BIT_CONVERSION = YES;
				GCC_WARN_ABOUT_RETURN_TYPE = YES_ERROR;
				GCC_WARN_UNDECLARED_SELECTOR = YES;
				GCC_WARN_UNINITIALIZED_AUTOS = YES_AGGRESSIVE;
				GCC_WARN_UNUSED_FUNCTION = YES;
				GCC_WARN_UNUSED_VARIABLE = YES;
				IPHONEOS_DEPLOYMENT_TARGET = 11.4;
				MTL_ENABLE_DEBUG_INFO = NO;
				SDKROOT = iphoneos;
				SWIFT_COMPILATION_MODE = wholemodule;
				SWIFT_OPTIMIZATION_LEVEL = "-O";
				VALIDATE_PRODUCT = YES;
			};
			name = Release;
		};
		FB78AC1E214C10040010039E /* Debug */ = {
			isa = XCBuildConfiguration;
			baseConfigurationReference = F3591A78918475F26A57959C /* Pods-Q-Bot.debug.xcconfig */;
			buildSettings = {
				ASSETCATALOG_COMPILER_APPICON_NAME = AppIcon;
				CODE_SIGN_ENTITLEMENTS = "DIY Skratching Vol. 1 Remix/DIY Skratching Vol. 1 Remix.entitlements";
				CODE_SIGN_STYLE = Automatic;
				DEVELOPMENT_TEAM = BRTG95Y5KR;
				INFOPLIST_FILE = "DIY Skratching Vol. 1 Remix/Info.plist";
				IPHONEOS_DEPLOYMENT_TARGET = 8.0;
				LD_RUNPATH_SEARCH_PATHS = (
					"$(inherited)",
					"@executable_path/Frameworks",
				);
				PRODUCT_BUNDLE_IDENTIFIER = "party.wonderverse.DIY-Skratching-Vol--1-Remix";
				PRODUCT_NAME = "$(TARGET_NAME)";
				SWIFT_VERSION = 4.2;
				TARGETED_DEVICE_FAMILY = "1,2";
			};
			name = Debug;
		};
		FB78AC1F214C10040010039E /* Release */ = {
			isa = XCBuildConfiguration;
			baseConfigurationReference = D8F9FF11C08916F059E94635 /* Pods-Q-Bot.release.xcconfig */;
			buildSettings = {
				ASSETCATALOG_COMPILER_APPICON_NAME = AppIcon;
				CODE_SIGN_ENTITLEMENTS = "DIY Skratching Vol. 1 Remix/DIY Skratching Vol. 1 Remix.entitlements";
				CODE_SIGN_STYLE = Automatic;
				DEVELOPMENT_TEAM = BRTG95Y5KR;
				INFOPLIST_FILE = "DIY Skratching Vol. 1 Remix/Info.plist";
				IPHONEOS_DEPLOYMENT_TARGET = 8.0;
				LD_RUNPATH_SEARCH_PATHS = (
					"$(inherited)",
					"@executable_path/Frameworks",
				);
				PRODUCT_BUNDLE_IDENTIFIER = "party.wonderverse.DIY-Skratching-Vol--1-Remix";
				PRODUCT_NAME = "$(TARGET_NAME)";
				SWIFT_VERSION = 4.2;
				TARGETED_DEVICE_FAMILY = "1,2";
			};
			name = Release;
		};
		FB78AC21214C10040010039E /* Debug */ = {
			isa = XCBuildConfiguration;
			baseConfigurationReference = 5DE10E84E97F7022480BDF9E /* Pods-Q-BotTests.debug.xcconfig */;
			buildSettings = {
				ALWAYS_EMBED_SWIFT_STANDARD_LIBRARIES = YES;
				BUNDLE_LOADER = "$(TEST_HOST)";
				CODE_SIGN_STYLE = Automatic;
				DEVELOPMENT_TEAM = BRTG95Y5KR;
				INFOPLIST_FILE = "DIY Skratching Vol. 1 RemixTests/Info.plist";
				LD_RUNPATH_SEARCH_PATHS = (
					"$(inherited)",
					"@executable_path/Frameworks",
					"@loader_path/Frameworks",
				);
				PRODUCT_BUNDLE_IDENTIFIER = "party.wonderverse.DIY-Skratching-Vol--1-RemixTests";
				PRODUCT_NAME = "$(TARGET_NAME)";
				SWIFT_VERSION = 4.2;
				TARGETED_DEVICE_FAMILY = "1,2";
				TEST_HOST = "$(BUILT_PRODUCTS_DIR)/Q-Bot.app/Q-Bot";
			};
			name = Debug;
		};
		FB78AC22214C10040010039E /* Release */ = {
			isa = XCBuildConfiguration;
			baseConfigurationReference = E71B429B196F5F70D9D8C59D /* Pods-Q-BotTests.release.xcconfig */;
			buildSettings = {
				ALWAYS_EMBED_SWIFT_STANDARD_LIBRARIES = YES;
				BUNDLE_LOADER = "$(TEST_HOST)";
				CODE_SIGN_STYLE = Automatic;
				DEVELOPMENT_TEAM = BRTG95Y5KR;
				INFOPLIST_FILE = "DIY Skratching Vol. 1 RemixTests/Info.plist";
				LD_RUNPATH_SEARCH_PATHS = (
					"$(inherited)",
					"@executable_path/Frameworks",
					"@loader_path/Frameworks",
				);
				PRODUCT_BUNDLE_IDENTIFIER = "party.wonderverse.DIY-Skratching-Vol--1-RemixTests";
				PRODUCT_NAME = "$(TARGET_NAME)";
				SWIFT_VERSION = 4.2;
				TARGETED_DEVICE_FAMILY = "1,2";
				TEST_HOST = "$(BUILT_PRODUCTS_DIR)/Q-Bot.app/Q-Bot";
			};
			name = Release;
		};
		FB78AC24214C10040010039E /* Debug */ = {
			isa = XCBuildConfiguration;
			baseConfigurationReference = 5C6F93FF7FC334B4257375A7 /* Pods-Q-BotUITests.debug.xcconfig */;
			buildSettings = {
				ALWAYS_EMBED_SWIFT_STANDARD_LIBRARIES = YES;
				CODE_SIGN_STYLE = Automatic;
				DEVELOPMENT_TEAM = BRTG95Y5KR;
				INFOPLIST_FILE = "DIY Skratching Vol. 1 RemixUITests/Info.plist";
				LD_RUNPATH_SEARCH_PATHS = (
					"$(inherited)",
					"@executable_path/Frameworks",
					"@loader_path/Frameworks",
				);
				PRODUCT_BUNDLE_IDENTIFIER = "party.wonderverse.DIY-Skratching-Vol--1-RemixUITests";
				PRODUCT_NAME = "$(TARGET_NAME)";
				SWIFT_VERSION = 4.2;
				TARGETED_DEVICE_FAMILY = "1,2";
				TEST_TARGET_NAME = "DIY Skratching Vol. 1 Remix";
			};
			name = Debug;
		};
		FB78AC25214C10040010039E /* Release */ = {
			isa = XCBuildConfiguration;
			baseConfigurationReference = E4BB50E097703887CC8ABBAE /* Pods-Q-BotUITests.release.xcconfig */;
			buildSettings = {
				ALWAYS_EMBED_SWIFT_STANDARD_LIBRARIES = YES;
				CODE_SIGN_STYLE = Automatic;
				DEVELOPMENT_TEAM = BRTG95Y5KR;
				INFOPLIST_FILE = "DIY Skratching Vol. 1 RemixUITests/Info.plist";
				LD_RUNPATH_SEARCH_PATHS = (
					"$(inherited)",
					"@executable_path/Frameworks",
					"@loader_path/Frameworks",
				);
				PRODUCT_BUNDLE_IDENTIFIER = "party.wonderverse.DIY-Skratching-Vol--1-RemixUITests";
				PRODUCT_NAME = "$(TARGET_NAME)";
				SWIFT_VERSION = 4.2;
				TARGETED_DEVICE_FAMILY = "1,2";
				TEST_TARGET_NAME = "DIY Skratching Vol. 1 Remix";
			};
			name = Release;
		};
/* End XCBuildConfiguration section */

/* Begin XCConfigurationList section */
		FB78ABED214C10030010039E /* Build configuration list for PBXProject "Q-Bot" */ = {
			isa = XCConfigurationList;
			buildConfigurations = (
				FB78AC1B214C10040010039E /* Debug */,
				FB78AC1C214C10040010039E /* Release */,
			);
			defaultConfigurationIsVisible = 0;
			defaultConfigurationName = Release;
		};
		FB78AC1D214C10040010039E /* Build configuration list for PBXNativeTarget "Q-Bot" */ = {
			isa = XCConfigurationList;
			buildConfigurations = (
				FB78AC1E214C10040010039E /* Debug */,
				FB78AC1F214C10040010039E /* Release */,
			);
			defaultConfigurationIsVisible = 0;
			defaultConfigurationName = Release;
		};
		FB78AC20214C10040010039E /* Build configuration list for PBXNativeTarget "Q-BotTests" */ = {
			isa = XCConfigurationList;
			buildConfigurations = (
				FB78AC21214C10040010039E /* Debug */,
				FB78AC22214C10040010039E /* Release */,
			);
			defaultConfigurationIsVisible = 0;
			defaultConfigurationName = Release;
		};
		FB78AC23214C10040010039E /* Build configuration list for PBXNativeTarget "Q-BotUITests" */ = {
			isa = XCConfigurationList;
			buildConfigurations = (
				FB78AC24214C10040010039E /* Debug */,
				FB78AC25214C10040010039E /* Release */,
			);
			defaultConfigurationIsVisible = 0;
			defaultConfigurationName = Release;
		};
/* End XCConfigurationList section */

/* Begin XCVersionGroup section */
		FB78ABFC214C10030010039E /* DIY_Skratching_Vol__1_Remix.xcdatamodeld */ = {
			isa = XCVersionGroup;
			children = (
				FB78ABFD214C10030010039E /* DIY_Skratching_Vol__1_Remix.xcdatamodel */,
			);
			currentVersion = FB78ABFD214C10030010039E /* DIY_Skratching_Vol__1_Remix.xcdatamodel */;
			path = DIY_Skratching_Vol__1_Remix.xcdatamodeld;
			sourceTree = "<group>";
			versionGroupType = wrapper.xcdatamodel;
		};
/* End XCVersionGroup section */
	};
	rootObject = FB78ABEA214C10030010039E /* Project object */;
}
