// !$*UTF8*$!
{
	archiveVersion = 1;
	classes = {
	};
	objectVersion = 50;
	objects = {

/* Begin PBXBuildFile section */
		FB1904C62154358B0092640A /* Key.swift in Sources */ = {isa = PBXBuildFile; fileRef = FB1904C52154358B0092640A /* Key.swift */; };
		FB3B4329223FF5F5005D405F /* Head.swift in Sources */ = {isa = PBXBuildFile; fileRef = FB3B4328223FF5F5005D405F /* Head.swift */; };
		FB3B432B2243C75E005D405F /* ThudRumbleVideoClip.swift in Sources */ = {isa = PBXBuildFile; fileRef = FB3B432A2243C75D005D405F /* ThudRumbleVideoClip.swift */; };
		FB50B4712264F89700DCA4C6 /* QBotAllTechniques.mp4 in Resources */ = {isa = PBXBuildFile; fileRef = FB50B4702264F89700DCA4C6 /* QBotAllTechniques.mp4 */; };
		FB78ABF6214C10030010039E /* QBot.swift in Sources */ = {isa = PBXBuildFile; fileRef = FB78ABF5214C10030010039E /* QBot.swift */; };
		FB78ABF8214C10030010039E /* Face.swift in Sources */ = {isa = PBXBuildFile; fileRef = FB78ABF7214C10030010039E /* Face.swift */; };
		FB78ABFB214C10030010039E /* Main.storyboard in Resources */ = {isa = PBXBuildFile; fileRef = FB78ABF9214C10030010039E /* Main.storyboard */; };
		FB78ABFE214C10030010039E /* DIY_Skratching_Vol__1_Remix.xcdatamodeld in Sources */ = {isa = PBXBuildFile; fileRef = FB78ABFC214C10030010039E /* DIY_Skratching_Vol__1_Remix.xcdatamodeld */; };
		FB78AC00214C10040010039E /* Assets.xcassets in Resources */ = {isa = PBXBuildFile; fileRef = FB78ABFF214C10040010039E /* Assets.xcassets */; };
		FB78AC03214C10040010039E /* LaunchScreen.storyboard in Resources */ = {isa = PBXBuildFile; fileRef = FB78AC01214C10040010039E /* LaunchScreen.storyboard */; };
		FB78AC0E214C10040010039E /* DIY_Skratching_Vol__1_RemixTests.swift in Sources */ = {isa = PBXBuildFile; fileRef = FB78AC0D214C10040010039E /* DIY_Skratching_Vol__1_RemixTests.swift */; };
		FB78AC19214C10040010039E /* DIY_Skratching_Vol__1_RemixUITests.swift in Sources */ = {isa = PBXBuildFile; fileRef = FB78AC18214C10040010039E /* DIY_Skratching_Vol__1_RemixUITests.swift */; };
		FBADD576217BC2AF00A5EB31 /* Play.swift in Sources */ = {isa = PBXBuildFile; fileRef = FBADD575217BC2AF00A5EB31 /* Play.swift */; };
		FBADD578217BC2B500A5EB31 /* State.swift in Sources */ = {isa = PBXBuildFile; fileRef = FBADD577217BC2B500A5EB31 /* State.swift */; };
		FBADD57A217BC2C100A5EB31 /* Mouth.swift in Sources */ = {isa = PBXBuildFile; fileRef = FBADD579217BC2C100A5EB31 /* Mouth.swift */; };
		FBADD57C217BC2D200A5EB31 /* Ears.swift in Sources */ = {isa = PBXBuildFile; fileRef = FBADD57B217BC2D200A5EB31 /* Ears.swift */; };
		FBADD57E217E15FB00A5EB31 /* SkratchName.swift in Sources */ = {isa = PBXBuildFile; fileRef = FBADD57D217E15FB00A5EB31 /* SkratchName.swift */; };
/* End PBXBuildFile section */

/* Begin PBXContainerItemProxy section */
		FB78AC0A214C10040010039E /* PBXContainerItemProxy */ = {
			isa = PBXContainerItemProxy;
			containerPortal = FB78ABEA214C10030010039E /* Project object */;
			proxyType = 1;
			remoteGlobalIDString = FB78ABF1214C10030010039E;
			remoteInfo = "DIY Skratching Vol. 1 Remix";
		};
		FB78AC15214C10040010039E /* PBXContainerItemProxy */ = {
			isa = PBXContainerItemProxy;
			containerPortal = FB78ABEA214C10030010039E /* Project object */;
			proxyType = 1;
			remoteGlobalIDString = FB78ABF1214C10030010039E;
			remoteInfo = "DIY Skratching Vol. 1 Remix";
		};
/* End PBXContainerItemProxy section */

/* Begin PBXFileReference section */
		FB1904C52154358B0092640A /* Key.swift */ = {isa = PBXFileReference; fileEncoding = 4; lastKnownFileType = sourcecode.swift; path = Key.swift; sourceTree = "<group>"; };
		FB3B4328223FF5F5005D405F /* Head.swift */ = {isa = PBXFileReference; lastKnownFileType = sourcecode.swift; path = Head.swift; sourceTree = "<group>"; };
		FB3B432A2243C75D005D405F /* ThudRumbleVideoClip.swift */ = {isa = PBXFileReference; lastKnownFileType = sourcecode.swift; path = ThudRumbleVideoClip.swift; sourceTree = "<group>"; };
		FB50B4702264F89700DCA4C6 /* QBotAllTechniques.mp4 */ = {isa = PBXFileReference; lastKnownFileType = file; path = QBotAllTechniques.mp4; sourceTree = "<group>"; };
		FB716DFA2173FB16008D090E /* DIY Skratching Vol. 1 Remix.entitlements */ = {isa = PBXFileReference; lastKnownFileType = text.plist.entitlements; path = "DIY Skratching Vol. 1 Remix.entitlements"; sourceTree = "<group>"; };
		FB78ABF2214C10030010039E /* Q-Bot.app */ = {isa = PBXFileReference; explicitFileType = wrapper.application; includeInIndex = 0; path = "Q-Bot.app"; sourceTree = BUILT_PRODUCTS_DIR; };
		FB78ABF5214C10030010039E /* QBot.swift */ = {isa = PBXFileReference; lastKnownFileType = sourcecode.swift; path = QBot.swift; sourceTree = "<group>"; };
		FB78ABF7214C10030010039E /* Face.swift */ = {isa = PBXFileReference; lastKnownFileType = sourcecode.swift; path = Face.swift; sourceTree = "<group>"; };
		FB78ABFA214C10030010039E /* Base */ = {isa = PBXFileReference; lastKnownFileType = file.storyboard; name = Base; path = Base.lproj/Main.storyboard; sourceTree = "<group>"; };
		FB78ABFD214C10030010039E /* DIY_Skratching_Vol__1_Remix.xcdatamodel */ = {isa = PBXFileReference; lastKnownFileType = wrapper.xcdatamodel; path = DIY_Skratching_Vol__1_Remix.xcdatamodel; sourceTree = "<group>"; };
		FB78ABFF214C10040010039E /* Assets.xcassets */ = {isa = PBXFileReference; lastKnownFileType = folder.assetcatalog; path = Assets.xcassets; sourceTree = "<group>"; };
		FB78AC02214C10040010039E /* Base */ = {isa = PBXFileReference; lastKnownFileType = file.storyboard; name = Base; path = Base.lproj/LaunchScreen.storyboard; sourceTree = "<group>"; };
		FB78AC04214C10040010039E /* Info.plist */ = {isa = PBXFileReference; lastKnownFileType = text.plist.xml; path = Info.plist; sourceTree = "<group>"; };
		FB78AC09214C10040010039E /* Q-BotTests.xctest */ = {isa = PBXFileReference; explicitFileType = wrapper.cfbundle; includeInIndex = 0; path = "Q-BotTests.xctest"; sourceTree = BUILT_PRODUCTS_DIR; };
		FB78AC0D214C10040010039E /* DIY_Skratching_Vol__1_RemixTests.swift */ = {isa = PBXFileReference; lastKnownFileType = sourcecode.swift; path = DIY_Skratching_Vol__1_RemixTests.swift; sourceTree = "<group>"; };
		FB78AC0F214C10040010039E /* Info.plist */ = {isa = PBXFileReference; lastKnownFileType = text.plist.xml; path = Info.plist; sourceTree = "<group>"; };
		FB78AC14214C10040010039E /* Q-BotUITests.xctest */ = {isa = PBXFileReference; explicitFileType = wrapper.cfbundle; includeInIndex = 0; path = "Q-BotUITests.xctest"; sourceTree = BUILT_PRODUCTS_DIR; };
		FB78AC18214C10040010039E /* DIY_Skratching_Vol__1_RemixUITests.swift */ = {isa = PBXFileReference; lastKnownFileType = sourcecode.swift; path = DIY_Skratching_Vol__1_RemixUITests.swift; sourceTree = "<group>"; };
		FB78AC1A214C10040010039E /* Info.plist */ = {isa = PBXFileReference; lastKnownFileType = text.plist.xml; path = Info.plist; sourceTree = "<group>"; };
		FBADD575217BC2AF00A5EB31 /* Play.swift */ = {isa = PBXFileReference; lastKnownFileType = sourcecode.swift; path = Play.swift; sourceTree = "<group>"; };
		FBADD577217BC2B500A5EB31 /* State.swift */ = {isa = PBXFileReference; lastKnownFileType = sourcecode.swift; path = State.swift; sourceTree = "<group>"; };
		FBADD579217BC2C100A5EB31 /* Mouth.swift */ = {isa = PBXFileReference; lastKnownFileType = sourcecode.swift; path = Mouth.swift; sourceTree = "<group>"; };
		FBADD57B217BC2D200A5EB31 /* Ears.swift */ = {isa = PBXFileReference; lastKnownFileType = sourcecode.swift; path = Ears.swift; sourceTree = "<group>"; };
		FBADD57D217E15FB00A5EB31 /* SkratchName.swift */ = {isa = PBXFileReference; lastKnownFileType = sourcecode.swift; path = SkratchName.swift; sourceTree = "<group>"; };
/* End PBXFileReference section */

/* Begin PBXFrameworksBuildPhase section */
		FB78ABEF214C10030010039E /* Frameworks */ = {
			isa = PBXFrameworksBuildPhase;
			buildActionMask = 2147483647;
			files = (
			);
			runOnlyForDeploymentPostprocessing = 0;
		};
		FB78AC06214C10040010039E /* Frameworks */ = {
			isa = PBXFrameworksBuildPhase;
			buildActionMask = 2147483647;
			files = (
			);
			runOnlyForDeploymentPostprocessing = 0;
		};
		FB78AC11214C10040010039E /* Frameworks */ = {
			isa = PBXFrameworksBuildPhase;
			buildActionMask = 2147483647;
			files = (
			);
			runOnlyForDeploymentPostprocessing = 0;
		};
/* End PBXFrameworksBuildPhase section */

/* Begin PBXGroup section */
		B4CC8FD40C284FDEBDE3755F /* Pods */ = {
			isa = PBXGroup;
			children = (
			);
			path = Pods;
			sourceTree = "<group>";
		};
		FB469DF82247024C0042961F /* Videos */ = {
			isa = PBXGroup;
			children = (
				FB50B4702264F89700DCA4C6 /* QBotAllTechniques.mp4 */,
			);
			path = Videos;
			sourceTree = "<group>";
		};
		FB78ABE9214C10030010039E = {
			isa = PBXGroup;
			children = (
				FB78ABF4214C10030010039E /* DIY Skratching Vol. 1 Remix */,
				FB78AC0C214C10040010039E /* DIY Skratching Vol. 1 RemixTests */,
				FB78AC17214C10040010039E /* DIY Skratching Vol. 1 RemixUITests */,
				FB78ABF3214C10030010039E /* Products */,
				B4CC8FD40C284FDEBDE3755F /* Pods */,
			);
			sourceTree = "<group>";
		};
		FB78ABF3214C10030010039E /* Products */ = {
			isa = PBXGroup;
			children = (
				FB78ABF2214C10030010039E /* Q-Bot.app */,
				FB78AC09214C10040010039E /* Q-BotTests.xctest */,
				FB78AC14214C10040010039E /* Q-BotUITests.xctest */,
			);
			name = Products;
			sourceTree = "<group>";
		};
		FB78ABF4214C10030010039E /* DIY Skratching Vol. 1 Remix */ = {
			isa = PBXGroup;
			children = (
				FB716DFA2173FB16008D090E /* DIY Skratching Vol. 1 Remix.entitlements */,
				FBADD57D217E15FB00A5EB31 /* SkratchName.swift */,
				FB78ABF5214C10030010039E /* QBot.swift */,
				FB3B432A2243C75D005D405F /* ThudRumbleVideoClip.swift */,
				FB3B4328223FF5F5005D405F /* Head.swift */,
				FB1904C52154358B0092640A /* Key.swift */,
				FB78ABF7214C10030010039E /* Face.swift */,
				FB469DF82247024C0042961F /* Videos */,
				FB78ABF9214C10030010039E /* Main.storyboard */,
				FB78ABFF214C10040010039E /* Assets.xcassets */,
				FB78AC01214C10040010039E /* LaunchScreen.storyboard */,
				FB78AC04214C10040010039E /* Info.plist */,
				FBADD575217BC2AF00A5EB31 /* Play.swift */,
				FBADD577217BC2B500A5EB31 /* State.swift */,
				FBADD579217BC2C100A5EB31 /* Mouth.swift */,
				FBADD57B217BC2D200A5EB31 /* Ears.swift */,
				FB78ABFC214C10030010039E /* DIY_Skratching_Vol__1_Remix.xcdatamodeld */,
			);
			path = "DIY Skratching Vol. 1 Remix";
			sourceTree = "<group>";
		};
		FB78AC0C214C10040010039E /* DIY Skratching Vol. 1 RemixTests */ = {
			isa = PBXGroup;
			children = (
				FB78AC0D214C10040010039E /* DIY_Skratching_Vol__1_RemixTests.swift */,
				FB78AC0F214C10040010039E /* Info.plist */,
			);
			path = "DIY Skratching Vol. 1 RemixTests";
			sourceTree = "<group>";
		};
		FB78AC17214C10040010039E /* DIY Skratching Vol. 1 RemixUITests */ = {
			isa = PBXGroup;
			children = (
				FB78AC18214C10040010039E /* DIY_Skratching_Vol__1_RemixUITests.swift */,
				FB78AC1A214C10040010039E /* Info.plist */,
			);
			path = "DIY Skratching Vol. 1 RemixUITests";
			sourceTree = "<group>";
		};
/* End PBXGroup section */

/* Begin PBXNativeTarget section */
		FB78ABF1214C10030010039E /* Q-Bot */ = {
			isa = PBXNativeTarget;
			buildConfigurationList = FB78AC1D214C10040010039E /* Build configuration list for PBXNativeTarget "Q-Bot" */;
			buildPhases = (
				FB89D5BD21737969002FAB5D /* ShellScript */,
				FB78ABEE214C10030010039E /* Sources */,
				FB78ABEF214C10030010039E /* Frameworks */,
				FB78ABF0214C10030010039E /* Resources */,
				FB89D5BC21737968002FAB5D /* ShellScript */,
			);
			buildRules = (
			);
			dependencies = (
			);
			name = "Q-Bot";
			productName = "DIY Skratching Vol. 1 Remix";
			productReference = FB78ABF2214C10030010039E /* Q-Bot.app */;
			productType = "com.apple.product-type.application";
		};
		FB78AC08214C10040010039E /* Q-BotTests */ = {
			isa = PBXNativeTarget;
			buildConfigurationList = FB78AC20214C10040010039E /* Build configuration list for PBXNativeTarget "Q-BotTests" */;
			buildPhases = (
				FB78AC05214C10040010039E /* Sources */,
				FB78AC06214C10040010039E /* Frameworks */,
				FB78AC07214C10040010039E /* Resources */,
			);
			buildRules = (
			);
			dependencies = (
				FB78AC0B214C10040010039E /* PBXTargetDependency */,
			);
			name = "Q-BotTests";
			productName = "DIY Skratching Vol. 1 RemixTests";
			productReference = FB78AC09214C10040010039E /* Q-BotTests.xctest */;
			productType = "com.apple.product-type.bundle.unit-test";
		};
		FB78AC13214C10040010039E /* Q-BotUITests */ = {
			isa = PBXNativeTarget;
			buildConfigurationList = FB78AC23214C10040010039E /* Build configuration list for PBXNativeTarget "Q-BotUITests" */;
			buildPhases = (
				FB78AC10214C10040010039E /* Sources */,
				FB78AC11214C10040010039E /* Frameworks */,
				FB78AC12214C10040010039E /* Resources */,
			);
			buildRules = (
			);
			dependencies = (
				FB78AC16214C10040010039E /* PBXTargetDependency */,
			);
			name = "Q-BotUITests";
			productName = "DIY Skratching Vol. 1 RemixUITests";
			productReference = FB78AC14214C10040010039E /* Q-BotUITests.xctest */;
			productType = "com.apple.product-type.bundle.ui-testing";
		};
/* End PBXNativeTarget section */

/* Begin PBXProject section */
		FB78ABEA214C10030010039E /* Project object */ = {
			isa = PBXProject;
			attributes = {
				LastSwiftUpdateCheck = 0940;
				LastUpgradeCheck = 0940;
				ORGANIZATIONNAME = "Jeane Limited Liability Corporation";
				TargetAttributes = {
					FB78ABF1214C10030010039E = {
						CreatedOnToolsVersion = 9.4.1;
						LastSwiftMigration = 1000;
						SystemCapabilities = {
							com.apple.BackgroundModes = {
								enabled = 1;
							};
							com.apple.Push = {
								enabled = 0;
							};
							com.apple.iCloud = {
								enabled = 0;
							};
						};
					};
					FB78AC08214C10040010039E = {
						CreatedOnToolsVersion = 9.4.1;
						LastSwiftMigration = 1000;
						TestTargetID = FB78ABF1214C10030010039E;
					};
					FB78AC13214C10040010039E = {
						CreatedOnToolsVersion = 9.4.1;
						LastSwiftMigration = 1000;
						TestTargetID = FB78ABF1214C10030010039E;
					};
				};
			};
			buildConfigurationList = FB78ABED214C10030010039E /* Build configuration list for PBXProject "Q-Bot" */;
			compatibilityVersion = "Xcode 9.3";
			developmentRegion = en;
			hasScannedForEncodings = 0;
			knownRegions = (
				en,
				Base,
			);
			mainGroup = FB78ABE9214C10030010039E;
			productRefGroup = FB78ABF3214C10030010039E /* Products */;
			projectDirPath = "";
			projectRoot = "";
			targets = (
				FB78ABF1214C10030010039E /* Q-Bot */,
				FB78AC08214C10040010039E /* Q-BotTests */,
				FB78AC13214C10040010039E /* Q-BotUITests */,
			);
		};
/* End PBXProject section */

/* Begin PBXResourcesBuildPhase section */
		FB78ABF0214C10030010039E /* Resources */ = {
			isa = PBXResourcesBuildPhase;
			buildActionMask = 2147483647;
			files = (
				FB50B4712264F89700DCA4C6 /* QBotAllTechniques.mp4 in Resources */,
				FB78AC03214C10040010039E /* LaunchScreen.storyboard in Resources */,
				FB78AC00214C10040010039E /* Assets.xcassets in Resources */,
				FB78ABFB214C10030010039E /* Main.storyboard in Resources */,
			);
			runOnlyForDeploymentPostprocessing = 0;
		};
		FB78AC07214C10040010039E /* Resources */ = {
			isa = PBXResourcesBuildPhase;
			buildActionMask = 2147483647;
			files = (
			);
			runOnlyForDeploymentPostprocessing = 0;
		};
		FB78AC12214C10040010039E /* Resources */ = {
			isa = PBXResourcesBuildPhase;
			buildActionMask = 2147483647;
			files = (
			);
			runOnlyForDeploymentPostprocessing = 0;
		};
/* End PBXResourcesBuildPhase section */

/* Begin PBXShellScriptBuildPhase section */
		FB89D5BC21737968002FAB5D /* ShellScript */ = {
			isa = PBXShellScriptBuildPhase;
			buildActionMask = 2147483647;
			files = (
			);
			inputFileListPaths = (
			);
			inputPaths = (
			);
			outputFileListPaths = (
			);
			outputPaths = (
			);
			runOnlyForDeploymentPostprocessing = 0;
			shellPath = /bin/sh;
			shellScript = "buildNumber=$(/usr/libexec/PlistBuddy -c \"Print CFBundleVersion\" \"${PROJECT_DIR}/${INFOPLIST_FILE}\")\nbuildNumber=$(($buildNumber + 1))\n/usr/libexec/PlistBuddy -c \"Set :CFBundleVersion $buildNumber\" \"${PROJECT_DIR}/${INFOPLIST_FILE}\"\n";
		};
		FB89D5BD21737969002FAB5D /* ShellScript */ = {
			isa = PBXShellScriptBuildPhase;
			buildActionMask = 2147483647;
			files = (
			);
			inputFileListPaths = (
			);
			inputPaths = (
			);
			outputFileListPaths = (
			);
			outputPaths = (
			);
			runOnlyForDeploymentPostprocessing = 0;
			shellPath = /bin/sh;
			shellScript = "buildNumber=$(/usr/libexec/PlistBuddy -c \"Print CFBundleVersion\" \"${PROJECT_DIR}/${INFOPLIST_FILE}\")\nversionNumber=$(/usr/libexec/PlistBuddy -c \"Print CFBundleShortVersionString\" \"${PROJECT_DIR}/${INFOPLIST_FILE}\")\ngit commit -a -m \"Build $versionNumber($buildNumber) built on `date +' %F at %r'`\"\n";
		};
/* End PBXShellScriptBuildPhase section */

/* Begin PBXSourcesBuildPhase section */
		FB78ABEE214C10030010039E /* Sources */ = {
			isa = PBXSourcesBuildPhase;
			buildActionMask = 2147483647;
			files = (
				FB78ABF8214C10030010039E /* Face.swift in Sources */,
				FB78ABF6214C10030010039E /* QBot.swift in Sources */,
				FBADD578217BC2B500A5EB31 /* State.swift in Sources */,
				FB78ABFE214C10030010039E /* DIY_Skratching_Vol__1_Remix.xcdatamodeld in Sources */,
				FB3B432B2243C75E005D405F /* ThudRumbleVideoClip.swift in Sources */,
				FBADD57A217BC2C100A5EB31 /* Mouth.swift in Sources */,
				FBADD576217BC2AF00A5EB31 /* Play.swift in Sources */,
				FBADD57C217BC2D200A5EB31 /* Ears.swift in Sources */,
				FB1904C62154358B0092640A /* Key.swift in Sources */,
				FB3B4329223FF5F5005D405F /* Head.swift in Sources */,
				FBADD57E217E15FB00A5EB31 /* SkratchName.swift in Sources */,
			);
			runOnlyForDeploymentPostprocessing = 0;
		};
		FB78AC05214C10040010039E /* Sources */ = {
			isa = PBXSourcesBuildPhase;
			buildActionMask = 2147483647;
			files = (
				FB78AC0E214C10040010039E /* DIY_Skratching_Vol__1_RemixTests.swift in Sources */,
			);
			runOnlyForDeploymentPostprocessing = 0;
		};
		FB78AC10214C10040010039E /* Sources */ = {
			isa = PBXSourcesBuildPhase;
			buildActionMask = 2147483647;
			files = (
				FB78AC19214C10040010039E /* DIY_Skratching_Vol__1_RemixUITests.swift in Sources */,
			);
			runOnlyForDeploymentPostprocessing = 0;
		};
/* End PBXSourcesBuildPhase section */

/* Begin PBXTargetDependency section */
		FB78AC0B214C10040010039E /* PBXTargetDependency */ = {
			isa = PBXTargetDependency;
			target = FB78ABF1214C10030010039E /* Q-Bot */;
			targetProxy = FB78AC0A214C10040010039E /* PBXContainerItemProxy */;
		};
		FB78AC16214C10040010039E /* PBXTargetDependency */ = {
			isa = PBXTargetDependency;
			target = FB78ABF1214C10030010039E /* Q-Bot */;
			targetProxy = FB78AC15214C10040010039E /* PBXContainerItemProxy */;
		};
/* End PBXTargetDependency section */

/* Begin PBXVariantGroup section */
		FB78ABF9214C10030010039E /* Main.storyboard */ = {
			isa = PBXVariantGroup;
			children = (
				FB78ABFA214C10030010039E /* Base */,
			);
			name = Main.storyboard;
			sourceTree = "<group>";
		};
		FB78AC01214C10040010039E /* LaunchScreen.storyboard */ = {
			isa = PBXVariantGroup;
			children = (
				FB78AC02214C10040010039E /* Base */,
			);
			name = LaunchScreen.storyboard;
			sourceTree = "<group>";
		};
/* End PBXVariantGroup section */

/* Begin XCBuildConfiguration section */
		FB78AC1B214C10040010039E /* Debug */ = {
			isa = XCBuildConfiguration;
			buildSettings = {
				ALWAYS_SEARCH_USER_PATHS = NO;
				CLANG_ANALYZER_NONNULL = YES;
				CLANG_ANALYZER_NUMBER_OBJECT_CONVERSION = YES_AGGRESSIVE;
				CLANG_CXX_LANGUAGE_STANDARD = "gnu++14";
				CLANG_CXX_LIBRARY = "libc++";
				CLANG_ENABLE_MODULES = YES;
				CLANG_ENABLE_OBJC_ARC = YES;
				CLANG_ENABLE_OBJC_WEAK = YES;
				CLANG_WARN_BLOCK_CAPTURE_AUTORELEASING = YES;
				CLANG_WARN_BOOL_CONVERSION = YES;
				CLANG_WARN_COMMA = YES;
				CLANG_WARN_CONSTANT_CONVERSION = YES;
				CLANG_WARN_DEPRECATED_OBJC_IMPLEMENTATIONS = YES;
				CLANG_WARN_DIRECT_OBJC_ISA_USAGE = YES_ERROR;
				CLANG_WARN_DOCUMENTATION_COMMENTS = YES;
				CLANG_WARN_EMPTY_BODY = YES;
				CLANG_WARN_ENUM_CONVERSION = YES;
				CLANG_WARN_INFINITE_RECURSION = YES;
				CLANG_WARN_INT_CONVERSION = YES;
				CLANG_WARN_NON_LITERAL_NULL_CONVERSION = YES;
				CLANG_WARN_OBJC_IMPLICIT_RETAIN_SELF = YES;
				CLANG_WARN_OBJC_LITERAL_CONVERSION = YES;
				CLANG_WARN_OBJC_ROOT_CLASS = YES_ERROR;
				CLANG_WARN_RANGE_LOOP_ANALYSIS = YES;
				CLANG_WARN_STRICT_PROTOTYPES = YES;
				CLANG_WARN_SUSPICIOUS_MOVE = YES;
				CLANG_WARN_UNGUARDED_AVAILABILITY = YES_AGGRESSIVE;
				CLANG_WARN_UNREACHABLE_CODE = YES;
				CLANG_WARN__DUPLICATE_METHOD_MATCH = YES;
				CODE_SIGN_IDENTITY = "iPhone Developer";
				COPY_PHASE_STRIP = NO;
				DEBUG_INFORMATION_FORMAT = dwarf;
				ENABLE_STRICT_OBJC_MSGSEND = YES;
				ENABLE_TESTABILITY = YES;
				GCC_C_LANGUAGE_STANDARD = gnu11;
				GCC_DYNAMIC_NO_PIC = NO;
				GCC_NO_COMMON_BLOCKS = YES;
				GCC_OPTIMIZATION_LEVEL = 0;
				GCC_PREPROCESSOR_DEFINITIONS = (
					"DEBUG=1",
					"$(inherited)",
				);
				GCC_WARN_64_TO_32_BIT_CONVERSION = YES;
				GCC_WARN_ABOUT_RETURN_TYPE = YES_ERROR;
				GCC_WARN_UNDECLARED_SELECTOR = YES;
				GCC_WARN_UNINITIALIZED_AUTOS = YES_AGGRESSIVE;
				GCC_WARN_UNUSED_FUNCTION = YES;
				GCC_WARN_UNUSED_VARIABLE = YES;
				IPHONEOS_DEPLOYMENT_TARGET = 11.4;
				MTL_ENABLE_DEBUG_INFO = YES;
				ONLY_ACTIVE_ARCH = YES;
				SDKROOT = iphoneos;
				SWIFT_ACTIVE_COMPILATION_CONDITIONS = DEBUG;
				SWIFT_OPTIMIZATION_LEVEL = "-Onone";
			};
			name = Debug;
		};
		FB78AC1C214C10040010039E /* Release */ = {
			isa = XCBuildConfiguration;
			buildSettings = {
				ALWAYS_SEARCH_USER_PATHS = NO;
				CLANG_ANALYZER_NONNULL = YES;
				CLANG_ANALYZER_NUMBER_OBJECT_CONVERSION = YES_AGGRESSIVE;
				CLANG_CXX_LANGUAGE_STANDARD = "gnu++14";
				CLANG_CXX_LIBRARY = "libc++";
				CLANG_ENABLE_MODULES = YES;
				CLANG_ENABLE_OBJC_ARC = YES;
				CLANG_ENABLE_OBJC_WEAK = YES;
				CLANG_WARN_BLOCK_CAPTURE_AUTORELEASING = YES;
				CLANG_WARN_BOOL_CONVERSION = YES;
				CLANG_WARN_COMMA = YES;
				CLANG_WARN_CONSTANT_CONVERSION = YES;
				CLANG_WARN_DEPRECATED_OBJC_IMPLEMENTATIONS = YES;
				CLANG_WARN_DIRECT_OBJC_ISA_USAGE = YES_ERROR;
				CLANG_WARN_DOCUMENTATION_COMMENTS = YES;
				CLANG_WARN_EMPTY_BODY = YES;
				CLANG_WARN_ENUM_CONVERSION = YES;
				CLANG_WARN_INFINITE_RECURSION = YES;
				CLANG_WARN_INT_CONVERSION = YES;
				CLANG_WARN_NON_LITERAL_NULL_CONVERSION = YES;
				CLANG_WARN_OBJC_IMPLICIT_RETAIN_SELF = YES;
				CLANG_WARN_OBJC_LITERAL_CONVERSION = YES;
				CLANG_WARN_OBJC_ROOT_CLASS = YES_ERROR;
				CLANG_WARN_RANGE_LOOP_ANALYSIS = YES;
				CLANG_WARN_STRICT_PROTOTYPES = YES;
				CLANG_WARN_SUSPICIOUS_MOVE = YES;
				CLANG_WARN_UNGUARDED_AVAILABILITY = YES_AGGRESSIVE;
				CLANG_WARN_UNREACHABLE_CODE = YES;
				CLANG_WARN__DUPLICATE_METHOD_MATCH = YES;
				CODE_SIGN_IDENTITY = "iPhone Developer";
				COPY_PHASE_STRIP = NO;
				DEBUG_INFORMATION_FORMAT = "dwarf-with-dsym";
				ENABLE_NS_ASSERTIONS = NO;
				ENABLE_STRICT_OBJC_MSGSEND = YES;
				GCC_C_LANGUAGE_STANDARD = gnu11;
				GCC_NO_COMMON_BLOCKS = YES;
				GCC_WARN_64_TO_32_BIT_CONVERSION = YES;
				GCC_WARN_ABOUT_RETURN_TYPE = YES_ERROR;
				GCC_WARN_UNDECLARED_SELECTOR = YES;
				GCC_WARN_UNINITIALIZED_AUTOS = YES_AGGRESSIVE;
				GCC_WARN_UNUSED_FUNCTION = YES;
				GCC_WARN_UNUSED_VARIABLE = YES;
				IPHONEOS_DEPLOYMENT_TARGET = 11.4;
				MTL_ENABLE_DEBUG_INFO = NO;
				SDKROOT = iphoneos;
				SWIFT_COMPILATION_MODE = wholemodule;
				SWIFT_OPTIMIZATION_LEVEL = "-O";
				VALIDATE_PRODUCT = YES;
			};
			name = Release;
		};
		FB78AC1E214C10040010039E /* Debug */ = {
			isa = XCBuildConfiguration;
			buildSettings = {
				ASSETCATALOG_COMPILER_APPICON_NAME = AppIcon;
				CODE_SIGN_STYLE = Automatic;
				DEVELOPMENT_TEAM = BRTG95Y5KR;
				FRAMEWORK_SEARCH_PATHS = "$(inherited)";
				HEADER_SEARCH_PATHS = "$(inherited)";
				INFOPLIST_FILE = "DIY Skratching Vol. 1 Remix/Info.plist";
				IPHONEOS_DEPLOYMENT_TARGET = 8.0;
				LD_RUNPATH_SEARCH_PATHS = (
					"$(inherited)",
					"@executable_path/Frameworks",
				);
				OTHER_LDFLAGS = (
					"$(inherited)",
					"-framework",
					"\"Foundation\"",
				);
				PRODUCT_BUNDLE_IDENTIFIER = "party.wonderverse.DIY-Skratching-Vol--1-Remix";
				PRODUCT_NAME = "$(TARGET_NAME)";
				SWIFT_VERSION = 4.2;
				TARGETED_DEVICE_FAMILY = "1,2";
			};
			name = Debug;
		};
		FB78AC1F214C10040010039E /* Release */ = {
			isa = XCBuildConfiguration;
			buildSettings = {
				ASSETCATALOG_COMPILER_APPICON_NAME = AppIcon;
				CODE_SIGN_STYLE = Automatic;
				DEVELOPMENT_TEAM = BRTG95Y5KR;
				FRAMEWORK_SEARCH_PATHS = "$(inherited)";
				HEADER_SEARCH_PATHS = "$(inherited)";
				INFOPLIST_FILE = "DIY Skratching Vol. 1 Remix/Info.plist";
				IPHONEOS_DEPLOYMENT_TARGET = 8.0;
				LD_RUNPATH_SEARCH_PATHS = (
					"$(inherited)",
					"@executable_path/Frameworks",
				);
				OTHER_LDFLAGS = (
					"$(inherited)",
					"-framework",
					"\"Foundation\"",
				);
				PRODUCT_BUNDLE_IDENTIFIER = "party.wonderverse.DIY-Skratching-Vol--1-Remix";
				PRODUCT_NAME = "$(TARGET_NAME)";
				SWIFT_VERSION = 4.2;
				TARGETED_DEVICE_FAMILY = "1,2";
			};
			name = Release;
		};
		FB78AC21214C10040010039E /* Debug */ = {
			isa = XCBuildConfiguration;
			buildSettings = {
				ALWAYS_EMBED_SWIFT_STANDARD_LIBRARIES = YES;
				BUNDLE_LOADER = "$(TEST_HOST)";
				CODE_SIGN_STYLE = Automatic;
				DEVELOPMENT_TEAM = BRTG95Y5KR;
				INFOPLIST_FILE = "DIY Skratching Vol. 1 RemixTests/Info.plist";
				LD_RUNPATH_SEARCH_PATHS = (
					"$(inherited)",
					"@executable_path/Frameworks",
					"@loader_path/Frameworks",
				);
				PRODUCT_BUNDLE_IDENTIFIER = "party.wonderverse.DIY-Skratching-Vol--1-RemixTests";
				PRODUCT_NAME = "$(TARGET_NAME)";
				SWIFT_VERSION = 4.2;
				TARGETED_DEVICE_FAMILY = "1,2";
				TEST_HOST = "$(BUILT_PRODUCTS_DIR)/Q-Bot.app/Q-Bot";
			};
			name = Debug;
		};
		FB78AC22214C10040010039E /* Release */ = {
			isa = XCBuildConfiguration;
			buildSettings = {
				ALWAYS_EMBED_SWIFT_STANDARD_LIBRARIES = YES;
				BUNDLE_LOADER = "$(TEST_HOST)";
				CODE_SIGN_STYLE = Automatic;
				DEVELOPMENT_TEAM = BRTG95Y5KR;
				INFOPLIST_FILE = "DIY Skratching Vol. 1 RemixTests/Info.plist";
				LD_RUNPATH_SEARCH_PATHS = (
					"$(inherited)",
					"@executable_path/Frameworks",
					"@loader_path/Frameworks",
				);
				PRODUCT_BUNDLE_IDENTIFIER = "party.wonderverse.DIY-Skratching-Vol--1-RemixTests";
				PRODUCT_NAME = "$(TARGET_NAME)";
				SWIFT_VERSION = 4.2;
				TARGETED_DEVICE_FAMILY = "1,2";
				TEST_HOST = "$(BUILT_PRODUCTS_DIR)/Q-Bot.app/Q-Bot";
			};
			name = Release;
		};
		FB78AC24214C10040010039E /* Debug */ = {
			isa = XCBuildConfiguration;
			buildSettings = {
				ALWAYS_EMBED_SWIFT_STANDARD_LIBRARIES = YES;
				CODE_SIGN_STYLE = Automatic;
				DEVELOPMENT_TEAM = BRTG95Y5KR;
				INFOPLIST_FILE = "DIY Skratching Vol. 1 RemixUITests/Info.plist";
				LD_RUNPATH_SEARCH_PATHS = (
					"$(inherited)",
					"@executable_path/Frameworks",
					"@loader_path/Frameworks",
				);
				PRODUCT_BUNDLE_IDENTIFIER = "party.wonderverse.DIY-Skratching-Vol--1-RemixUITests";
				PRODUCT_NAME = "$(TARGET_NAME)";
				SWIFT_VERSION = 4.2;
				TARGETED_DEVICE_FAMILY = "1,2";
				TEST_TARGET_NAME = "DIY Skratching Vol. 1 Remix";
			};
			name = Debug;
		};
		FB78AC25214C10040010039E /* Release */ = {
			isa = XCBuildConfiguration;
			buildSettings = {
				ALWAYS_EMBED_SWIFT_STANDARD_LIBRARIES = YES;
				CODE_SIGN_STYLE = Automatic;
				DEVELOPMENT_TEAM = BRTG95Y5KR;
				INFOPLIST_FILE = "DIY Skratching Vol. 1 RemixUITests/Info.plist";
				LD_RUNPATH_SEARCH_PATHS = (
					"$(inherited)",
					"@executable_path/Frameworks",
					"@loader_path/Frameworks",
				);
				PRODUCT_BUNDLE_IDENTIFIER = "party.wonderverse.DIY-Skratching-Vol--1-RemixUITests";
				PRODUCT_NAME = "$(TARGET_NAME)";
				SWIFT_VERSION = 4.2;
				TARGETED_DEVICE_FAMILY = "1,2";
				TEST_TARGET_NAME = "DIY Skratching Vol. 1 Remix";
			};
			name = Release;
		};
/* End XCBuildConfiguration section */

/* Begin XCConfigurationList section */
		FB78ABED214C10030010039E /* Build configuration list for PBXProject "Q-Bot" */ = {
			isa = XCConfigurationList;
			buildConfigurations = (
				FB78AC1B214C10040010039E /* Debug */,
				FB78AC1C214C10040010039E /* Release */,
			);
			defaultConfigurationIsVisible = 0;
			defaultConfigurationName = Release;
		};
		FB78AC1D214C10040010039E /* Build configuration list for PBXNativeTarget "Q-Bot" */ = {
			isa = XCConfigurationList;
			buildConfigurations = (
				FB78AC1E214C10040010039E /* Debug */,
				FB78AC1F214C10040010039E /* Release */,
			);
			defaultConfigurationIsVisible = 0;
			defaultConfigurationName = Release;
		};
		FB78AC20214C10040010039E /* Build configuration list for PBXNativeTarget "Q-BotTests" */ = {
			isa = XCConfigurationList;
			buildConfigurations = (
				FB78AC21214C10040010039E /* Debug */,
				FB78AC22214C10040010039E /* Release */,
			);
			defaultConfigurationIsVisible = 0;
			defaultConfigurationName = Release;
		};
		FB78AC23214C10040010039E /* Build configuration list for PBXNativeTarget "Q-BotUITests" */ = {
			isa = XCConfigurationList;
			buildConfigurations = (
				FB78AC24214C10040010039E /* Debug */,
				FB78AC25214C10040010039E /* Release */,
			);
			defaultConfigurationIsVisible = 0;
			defaultConfigurationName = Release;
		};
/* End XCConfigurationList section */

/* Begin XCVersionGroup section */
		FB78ABFC214C10030010039E /* DIY_Skratching_Vol__1_Remix.xcdatamodeld */ = {
			isa = XCVersionGroup;
			children = (
				FB78ABFD214C10030010039E /* DIY_Skratching_Vol__1_Remix.xcdatamodel */,
			);
			currentVersion = FB78ABFD214C10030010039E /* DIY_Skratching_Vol__1_Remix.xcdatamodel */;
			path = DIY_Skratching_Vol__1_Remix.xcdatamodeld;
			sourceTree = "<group>";
			versionGroupType = wrapper.xcdatamodel;
		};
/* End XCVersionGroup section */
	};
	rootObject = FB78ABEA214C10030010039E /* Project object */;
}
