// !$*UTF8*$!
{
	archiveVersion = 1;
	classes = {
	};
	objectVersion = 50;
	objects = {

/* Begin PBXBuildFile section */
		FB1904BE2154234C0092640A /* EquipmentSetupMenuTableViewCell.swift in Sources */ = {isa = PBXBuildFile; fileRef = FB1904BB2154234C0092640A /* EquipmentSetupMenuTableViewCell.swift */; };
		FB1904BF2154234C0092640A /* BattlesTableViewCell.swift in Sources */ = {isa = PBXBuildFile; fileRef = FB1904BC2154234C0092640A /* BattlesTableViewCell.swift */; };
		FB1904C02154234C0092640A /* SkratchesTableViewCell.swift in Sources */ = {isa = PBXBuildFile; fileRef = FB1904BD2154234C0092640A /* SkratchesTableViewCell.swift */; };
		FB1904C4215424950092640A /* Baby.m4v in Resources */ = {isa = PBXBuildFile; fileRef = FB1904C3215424950092640A /* Baby.m4v */; };
		FB1904C62154358B0092640A /* Key.swift in Sources */ = {isa = PBXBuildFile; fileRef = FB1904C52154358B0092640A /* Key.swift */; };
		FB716DC72173F7B6008D090E /* Cutting.m4v in Resources */ = {isa = PBXBuildFile; fileRef = FB716D942173F7B3008D090E /* Cutting.m4v */; };
		FB716DC82173F7B6008D090E /* Battle Gasmask.m4v in Resources */ = {isa = PBXBuildFile; fileRef = FB716D952173F7B3008D090E /* Battle Gasmask.m4v */; };
		FB716DC92173F7B6008D090E /* Scratch movie trailer.m4v in Resources */ = {isa = PBXBuildFile; fileRef = FB716D962173F7B3008D090E /* Scratch movie trailer.m4v */; };
		FB716DCA2173F7B6008D090E /* 1-click Flare.m4v in Resources */ = {isa = PBXBuildFile; fileRef = FB716D972173F7B3008D090E /* 1-click Flare.m4v */; };
		FB716DCB2173F7B6008D090E /* Wave Twisters trailer.m4v in Resources */ = {isa = PBXBuildFile; fileRef = FB716D982173F7B3008D090E /* Wave Twisters trailer.m4v */; };
		FB716DCC2173F7B6008D090E /* Battle Smiley.m4v in Resources */ = {isa = PBXBuildFile; fileRef = FB716D992173F7B3008D090E /* Battle Smiley.m4v */; };
		FB716DCD2173F7B6008D090E /* Tuner Control Spray.m4v in Resources */ = {isa = PBXBuildFile; fileRef = FB716D9A2173F7B3008D090E /* Tuner Control Spray.m4v */; };
		FB716DCE2173F7B6008D090E /* Chirp Flare.m4v in Resources */ = {isa = PBXBuildFile; fileRef = FB716D9B2173F7B3008D090E /* Chirp Flare.m4v */; };
		FB716DCF2173F7B6008D090E /* Battle Devil.m4v in Resources */ = {isa = PBXBuildFile; fileRef = FB716D9C2173F7B3008D090E /* Battle Devil.m4v */; };
		FB716DD02173F7B6008D090E /* Turntable Adjustments.m4v in Resources */ = {isa = PBXBuildFile; fileRef = FB716D9D2173F7B3008D090E /* Turntable Adjustments.m4v */; };
		FB716DD12173F7B6008D090E /* Cleaning Needles.m4v in Resources */ = {isa = PBXBuildFile; fileRef = FB716D9E2173F7B3008D090E /* Cleaning Needles.m4v */; };
		FB716DD22173F7B6008D090E /* Q-Bert Freestyle.m4v in Resources */ = {isa = PBXBuildFile; fileRef = FB716D9F2173F7B3008D090E /* Q-Bert Freestyle.m4v */; };
		FB716DD32173F7B6008D090E /* Crabs (Crepes).m4v in Resources */ = {isa = PBXBuildFile; fileRef = FB716DA02173F7B3008D090E /* Crabs (Crepes).m4v */; };
		FB716DD42173F7B6008D090E /* Chirps.m4v in Resources */ = {isa = PBXBuildFile; fileRef = FB716DA12173F7B3008D090E /* Chirps.m4v */; };
		FB716DD52173F7B6008D090E /* 2-Click Flare.m4v in Resources */ = {isa = PBXBuildFile; fileRef = FB716DA22173F7B4008D090E /* 2-Click Flare.m4v */; };
		FB716DD62173F7B6008D090E /* Flare.m4v in Resources */ = {isa = PBXBuildFile; fileRef = FB716DA32173F7B4008D090E /* Flare.m4v */; };
		FB716DD72173F7B6008D090E /* Scribbles.m4v in Resources */ = {isa = PBXBuildFile; fileRef = FB716DA42173F7B4008D090E /* Scribbles.m4v */; };
		FB716DD82173F7B6008D090E /* Battle Football.m4v in Resources */ = {isa = PBXBuildFile; fileRef = FB716DA52173F7B4008D090E /* Battle Football.m4v */; };
		FB716DD92173F7B6008D090E /* Tears.m4v in Resources */ = {isa = PBXBuildFile; fileRef = FB716DA62173F7B4008D090E /* Tears.m4v */; };
		FB716DDA2173F7B6008D090E /* Marches.m4v in Resources */ = {isa = PBXBuildFile; fileRef = FB716DA72173F7B4008D090E /* Marches.m4v */; };
		FB716DDB2173F7B6008D090E /* Tip.m4v in Resources */ = {isa = PBXBuildFile; fileRef = FB716DA82173F7B4008D090E /* Tip.m4v */; };
		FB716DDC2173F7B6008D090E /* Drags.m4v in Resources */ = {isa = PBXBuildFile; fileRef = FB716DA92173F7B4008D090E /* Drags.m4v */; };
		FB716DDD2173F7B6008D090E /* Long-short Tip Tears.m4v in Resources */ = {isa = PBXBuildFile; fileRef = FB716DAA2173F7B4008D090E /* Long-short Tip Tears.m4v */; };
		FB716DDE2173F7B6008D090E /* Plugging In Turntables.m4v in Resources */ = {isa = PBXBuildFile; fileRef = FB716DAB2173F7B4008D090E /* Plugging In Turntables.m4v */; };
		FB716DDF2173F7B6008D090E /* Slipmats Part 2.m4v in Resources */ = {isa = PBXBuildFile; fileRef = FB716DAC2173F7B4008D090E /* Slipmats Part 2.m4v */; };
		FB716DE02173F7B6008D090E /* Swipes.m4v in Resources */ = {isa = PBXBuildFile; fileRef = FB716DAD2173F7B4008D090E /* Swipes.m4v */; };
		FB716DE12173F7B6008D090E /* Transformer.m4v in Resources */ = {isa = PBXBuildFile; fileRef = FB716DAE2173F7B4008D090E /* Transformer.m4v */; };
		FB716DE22173F7B6008D090E /* Phazers.m4v in Resources */ = {isa = PBXBuildFile; fileRef = FB716DAF2173F7B4008D090E /* Phazers.m4v */; };
		FB716DE32173F7B6008D090E /* Getting better adhesion.m4v in Resources */ = {isa = PBXBuildFile; fileRef = FB716DB02173F7B4008D090E /* Getting better adhesion.m4v */; };
		FB716DE42173F7B6008D090E /* Clover Tears.m4v in Resources */ = {isa = PBXBuildFile; fileRef = FB716DB12173F7B5008D090E /* Clover Tears.m4v */; };
		FB716DE52173F7B6008D090E /* Zig Zags.m4v in Resources */ = {isa = PBXBuildFile; fileRef = FB716DB22173F7B5008D090E /* Zig Zags.m4v */; };
		FB716DE62173F7B6008D090E /* Needle Dropping.m4v in Resources */ = {isa = PBXBuildFile; fileRef = FB716DB32173F7B5008D090E /* Needle Dropping.m4v */; };
		FB716DE72173F7B6008D090E /* On Off Switch Adjustment.m4v in Resources */ = {isa = PBXBuildFile; fileRef = FB716DB42173F7B5008D090E /* On Off Switch Adjustment.m4v */; };
		FB716DE82173F7B6008D090E /* Battle Bunny.m4v in Resources */ = {isa = PBXBuildFile; fileRef = FB716DB52173F7B5008D090E /* Battle Bunny.m4v */; };
		FB716DE92173F7B6008D090E /* Preventing skipping.m4v in Resources */ = {isa = PBXBuildFile; fileRef = FB716DB62173F7B5008D090E /* Preventing skipping.m4v */; };
		FB716DEA2173F7B6008D090E /* Fades.m4v in Resources */ = {isa = PBXBuildFile; fileRef = FB716DB72173F7B5008D090E /* Fades.m4v */; };
		FB716DEB2173F7B6008D090E /* Reverse Cutting.m4v in Resources */ = {isa = PBXBuildFile; fileRef = FB716DB82173F7B5008D090E /* Reverse Cutting.m4v */; };
		FB716DEC2173F7B6008D090E /* Lazers.m4v in Resources */ = {isa = PBXBuildFile; fileRef = FB716DB92173F7B5008D090E /* Lazers.m4v */; };
		FB716DED2173F7B6008D090E /* More Ways To Prevent Skipping.m4v in Resources */ = {isa = PBXBuildFile; fileRef = FB716DBA2173F7B5008D090E /* More Ways To Prevent Skipping.m4v */; };
		FB716DEE2173F7B6008D090E /* Dicing.m4v in Resources */ = {isa = PBXBuildFile; fileRef = FB716DBB2173F7B5008D090E /* Dicing.m4v */; };
		FB716DEF2173F7B6008D090E /* Crescent Flare.m4v in Resources */ = {isa = PBXBuildFile; fileRef = FB716DBC2173F7B5008D090E /* Crescent Flare.m4v */; };
		FB716DF02173F7B6008D090E /* Cueing.m4v in Resources */ = {isa = PBXBuildFile; fileRef = FB716DBD2173F7B5008D090E /* Cueing.m4v */; };
		FB716DF12173F7B6008D090E /* How to seal leaky pipes.m4v in Resources */ = {isa = PBXBuildFile; fileRef = FB716DBE2173F7B5008D090E /* How to seal leaky pipes.m4v */; };
		FB716DF22173F7B6008D090E /* Slipmats Part 1.m4v in Resources */ = {isa = PBXBuildFile; fileRef = FB716DBF2173F7B6008D090E /* Slipmats Part 1.m4v */; };
		FB716DF32173F7B6008D090E /* Counting Bars.m4v in Resources */ = {isa = PBXBuildFile; fileRef = FB716DC02173F7B6008D090E /* Counting Bars.m4v */; };
		FB716DF42173F7B6008D090E /* Waves.m4v in Resources */ = {isa = PBXBuildFile; fileRef = FB716DC12173F7B6008D090E /* Waves.m4v */; };
		FB716DF52173F7B6008D090E /* Fader Caps Adjustment.m4v in Resources */ = {isa = PBXBuildFile; fileRef = FB716DC22173F7B6008D090E /* Fader Caps Adjustment.m4v */; };
		FB716DF62173F7B6008D090E /* Battle Spiderman.m4v in Resources */ = {isa = PBXBuildFile; fileRef = FB716DC32173F7B6008D090E /* Battle Spiderman.m4v */; };
		FB716DF72173F7B6008D090E /* EQ Scratching.m4v in Resources */ = {isa = PBXBuildFile; fileRef = FB716DC42173F7B6008D090E /* EQ Scratching.m4v */; };
		FB716DF82173F7B6008D090E /* Setting Up Headshells.m4v in Resources */ = {isa = PBXBuildFile; fileRef = FB716DC52173F7B6008D090E /* Setting Up Headshells.m4v */; };
		FB716DF92173F7B6008D090E /* Mixer Basics.m4v in Resources */ = {isa = PBXBuildFile; fileRef = FB716DC62173F7B6008D090E /* Mixer Basics.m4v */; };
		FB716DFD2173FB18008D090E /* CloudKit.framework in Frameworks */ = {isa = PBXBuildFile; fileRef = FB716DFC2173FB18008D090E /* CloudKit.framework */; };
		FB78ABF6214C10030010039E /* QBot.swift in Sources */ = {isa = PBXBuildFile; fileRef = FB78ABF5214C10030010039E /* QBot.swift */; };
		FB78ABF8214C10030010039E /* Face.swift in Sources */ = {isa = PBXBuildFile; fileRef = FB78ABF7214C10030010039E /* Face.swift */; };
		FB78ABFB214C10030010039E /* Main.storyboard in Resources */ = {isa = PBXBuildFile; fileRef = FB78ABF9214C10030010039E /* Main.storyboard */; };
		FB78ABFE214C10030010039E /* DIY_Skratching_Vol__1_Remix.xcdatamodeld in Sources */ = {isa = PBXBuildFile; fileRef = FB78ABFC214C10030010039E /* DIY_Skratching_Vol__1_Remix.xcdatamodeld */; };
		FB78AC00214C10040010039E /* Assets.xcassets in Resources */ = {isa = PBXBuildFile; fileRef = FB78ABFF214C10040010039E /* Assets.xcassets */; };
		FB78AC03214C10040010039E /* LaunchScreen.storyboard in Resources */ = {isa = PBXBuildFile; fileRef = FB78AC01214C10040010039E /* LaunchScreen.storyboard */; };
		FB78AC0E214C10040010039E /* DIY_Skratching_Vol__1_RemixTests.swift in Sources */ = {isa = PBXBuildFile; fileRef = FB78AC0D214C10040010039E /* DIY_Skratching_Vol__1_RemixTests.swift */; };
		FB78AC19214C10040010039E /* DIY_Skratching_Vol__1_RemixUITests.swift in Sources */ = {isa = PBXBuildFile; fileRef = FB78AC18214C10040010039E /* DIY_Skratching_Vol__1_RemixUITests.swift */; };
		FB78AC27214F2C340010039E /* MainMenuTableViewCell.swift in Sources */ = {isa = PBXBuildFile; fileRef = FB78AC26214F2C340010039E /* MainMenuTableViewCell.swift */; };
/* End PBXBuildFile section */

/* Begin PBXContainerItemProxy section */
		FB78AC0A214C10040010039E /* PBXContainerItemProxy */ = {
			isa = PBXContainerItemProxy;
			containerPortal = FB78ABEA214C10030010039E /* Project object */;
			proxyType = 1;
			remoteGlobalIDString = FB78ABF1214C10030010039E;
			remoteInfo = "DIY Skratching Vol. 1 Remix";
		};
		FB78AC15214C10040010039E /* PBXContainerItemProxy */ = {
			isa = PBXContainerItemProxy;
			containerPortal = FB78ABEA214C10030010039E /* Project object */;
			proxyType = 1;
			remoteGlobalIDString = FB78ABF1214C10030010039E;
			remoteInfo = "DIY Skratching Vol. 1 Remix";
		};
/* End PBXContainerItemProxy section */

/* Begin PBXFileReference section */
		FB1904BB2154234C0092640A /* EquipmentSetupMenuTableViewCell.swift */ = {isa = PBXFileReference; fileEncoding = 4; lastKnownFileType = sourcecode.swift; path = EquipmentSetupMenuTableViewCell.swift; sourceTree = "<group>"; };
		FB1904BC2154234C0092640A /* BattlesTableViewCell.swift */ = {isa = PBXFileReference; fileEncoding = 4; lastKnownFileType = sourcecode.swift; path = BattlesTableViewCell.swift; sourceTree = "<group>"; };
		FB1904BD2154234C0092640A /* SkratchesTableViewCell.swift */ = {isa = PBXFileReference; fileEncoding = 4; lastKnownFileType = sourcecode.swift; path = SkratchesTableViewCell.swift; sourceTree = "<group>"; };
		FB1904C3215424950092640A /* Baby.m4v */ = {isa = PBXFileReference; lastKnownFileType = file; name = Baby.m4v; path = "Video Files/Baby.m4v"; sourceTree = SOURCE_ROOT; };
		FB1904C52154358B0092640A /* Key.swift */ = {isa = PBXFileReference; fileEncoding = 4; lastKnownFileType = sourcecode.swift; path = Key.swift; sourceTree = "<group>"; };
		FB716D942173F7B3008D090E /* Cutting.m4v */ = {isa = PBXFileReference; lastKnownFileType = file; name = Cutting.m4v; path = "Video Files/Cutting.m4v"; sourceTree = SOURCE_ROOT; };
		FB716D952173F7B3008D090E /* Battle Gasmask.m4v */ = {isa = PBXFileReference; lastKnownFileType = file; name = "Battle Gasmask.m4v"; path = "Video Files/Battle Gasmask.m4v"; sourceTree = SOURCE_ROOT; };
		FB716D962173F7B3008D090E /* Scratch movie trailer.m4v */ = {isa = PBXFileReference; lastKnownFileType = file; name = "Scratch movie trailer.m4v"; path = "Video Files/Scratch movie trailer.m4v"; sourceTree = SOURCE_ROOT; };
		FB716D972173F7B3008D090E /* 1-click Flare.m4v */ = {isa = PBXFileReference; lastKnownFileType = file; name = "1-click Flare.m4v"; path = "Video Files/1-click Flare.m4v"; sourceTree = SOURCE_ROOT; };
		FB716D982173F7B3008D090E /* Wave Twisters trailer.m4v */ = {isa = PBXFileReference; lastKnownFileType = file; name = "Wave Twisters trailer.m4v"; path = "Video Files/Wave Twisters trailer.m4v"; sourceTree = SOURCE_ROOT; };
		FB716D992173F7B3008D090E /* Battle Smiley.m4v */ = {isa = PBXFileReference; lastKnownFileType = file; name = "Battle Smiley.m4v"; path = "Video Files/Battle Smiley.m4v"; sourceTree = SOURCE_ROOT; };
		FB716D9A2173F7B3008D090E /* Tuner Control Spray.m4v */ = {isa = PBXFileReference; lastKnownFileType = file; name = "Tuner Control Spray.m4v"; path = "Video Files/Tuner Control Spray.m4v"; sourceTree = SOURCE_ROOT; };
		FB716D9B2173F7B3008D090E /* Chirp Flare.m4v */ = {isa = PBXFileReference; lastKnownFileType = file; name = "Chirp Flare.m4v"; path = "Video Files/Chirp Flare.m4v"; sourceTree = SOURCE_ROOT; };
		FB716D9C2173F7B3008D090E /* Battle Devil.m4v */ = {isa = PBXFileReference; lastKnownFileType = file; name = "Battle Devil.m4v"; path = "Video Files/Battle Devil.m4v"; sourceTree = SOURCE_ROOT; };
		FB716D9D2173F7B3008D090E /* Turntable Adjustments.m4v */ = {isa = PBXFileReference; lastKnownFileType = file; name = "Turntable Adjustments.m4v"; path = "Video Files/Turntable Adjustments.m4v"; sourceTree = SOURCE_ROOT; };
		FB716D9E2173F7B3008D090E /* Cleaning Needles.m4v */ = {isa = PBXFileReference; lastKnownFileType = file; name = "Cleaning Needles.m4v"; path = "Video Files/Cleaning Needles.m4v"; sourceTree = SOURCE_ROOT; };
		FB716D9F2173F7B3008D090E /* Q-Bert Freestyle.m4v */ = {isa = PBXFileReference; lastKnownFileType = file; name = "Q-Bert Freestyle.m4v"; path = "Video Files/Q-Bert Freestyle.m4v"; sourceTree = SOURCE_ROOT; };
		FB716DA02173F7B3008D090E /* Crabs (Crepes).m4v */ = {isa = PBXFileReference; lastKnownFileType = file; name = "Crabs (Crepes).m4v"; path = "Video Files/Crabs (Crepes).m4v"; sourceTree = SOURCE_ROOT; };
		FB716DA12173F7B3008D090E /* Chirps.m4v */ = {isa = PBXFileReference; lastKnownFileType = file; name = Chirps.m4v; path = "Video Files/Chirps.m4v"; sourceTree = SOURCE_ROOT; };
		FB716DA22173F7B4008D090E /* 2-Click Flare.m4v */ = {isa = PBXFileReference; lastKnownFileType = file; name = "2-Click Flare.m4v"; path = "Video Files/2-Click Flare.m4v"; sourceTree = SOURCE_ROOT; };
		FB716DA32173F7B4008D090E /* Flare.m4v */ = {isa = PBXFileReference; lastKnownFileType = file; name = Flare.m4v; path = "Video Files/Flare.m4v"; sourceTree = SOURCE_ROOT; };
		FB716DA42173F7B4008D090E /* Scribbles.m4v */ = {isa = PBXFileReference; lastKnownFileType = file; name = Scribbles.m4v; path = "Video Files/Scribbles.m4v"; sourceTree = SOURCE_ROOT; };
		FB716DA52173F7B4008D090E /* Battle Football.m4v */ = {isa = PBXFileReference; lastKnownFileType = file; name = "Battle Football.m4v"; path = "Video Files/Battle Football.m4v"; sourceTree = SOURCE_ROOT; };
		FB716DA62173F7B4008D090E /* Tears.m4v */ = {isa = PBXFileReference; lastKnownFileType = file; name = Tears.m4v; path = "Video Files/Tears.m4v"; sourceTree = SOURCE_ROOT; };
		FB716DA72173F7B4008D090E /* Marches.m4v */ = {isa = PBXFileReference; lastKnownFileType = file; name = Marches.m4v; path = "Video Files/Marches.m4v"; sourceTree = SOURCE_ROOT; };
		FB716DA82173F7B4008D090E /* Tip.m4v */ = {isa = PBXFileReference; lastKnownFileType = file; name = Tip.m4v; path = "Video Files/Tip.m4v"; sourceTree = SOURCE_ROOT; };
		FB716DA92173F7B4008D090E /* Drags.m4v */ = {isa = PBXFileReference; lastKnownFileType = file; name = Drags.m4v; path = "Video Files/Drags.m4v"; sourceTree = SOURCE_ROOT; };
		FB716DAA2173F7B4008D090E /* Long-short Tip Tears.m4v */ = {isa = PBXFileReference; lastKnownFileType = file; name = "Long-short Tip Tears.m4v"; path = "Video Files/Long-short Tip Tears.m4v"; sourceTree = SOURCE_ROOT; };
		FB716DAB2173F7B4008D090E /* Plugging In Turntables.m4v */ = {isa = PBXFileReference; lastKnownFileType = file; name = "Plugging In Turntables.m4v"; path = "Video Files/Plugging In Turntables.m4v"; sourceTree = SOURCE_ROOT; };
		FB716DAC2173F7B4008D090E /* Slipmats Part 2.m4v */ = {isa = PBXFileReference; lastKnownFileType = file; name = "Slipmats Part 2.m4v"; path = "Video Files/Slipmats Part 2.m4v"; sourceTree = SOURCE_ROOT; };
		FB716DAD2173F7B4008D090E /* Swipes.m4v */ = {isa = PBXFileReference; lastKnownFileType = file; name = Swipes.m4v; path = "Video Files/Swipes.m4v"; sourceTree = SOURCE_ROOT; };
		FB716DAE2173F7B4008D090E /* Transformer.m4v */ = {isa = PBXFileReference; lastKnownFileType = file; name = Transformer.m4v; path = "Video Files/Transformer.m4v"; sourceTree = SOURCE_ROOT; };
		FB716DAF2173F7B4008D090E /* Phazers.m4v */ = {isa = PBXFileReference; lastKnownFileType = file; name = Phazers.m4v; path = "Video Files/Phazers.m4v"; sourceTree = SOURCE_ROOT; };
		FB716DB02173F7B4008D090E /* Getting better adhesion.m4v */ = {isa = PBXFileReference; lastKnownFileType = file; name = "Getting better adhesion.m4v"; path = "Video Files/Getting better adhesion.m4v"; sourceTree = SOURCE_ROOT; };
		FB716DB12173F7B5008D090E /* Clover Tears.m4v */ = {isa = PBXFileReference; lastKnownFileType = file; name = "Clover Tears.m4v"; path = "Video Files/Clover Tears.m4v"; sourceTree = SOURCE_ROOT; };
		FB716DB22173F7B5008D090E /* Zig Zags.m4v */ = {isa = PBXFileReference; lastKnownFileType = file; name = "Zig Zags.m4v"; path = "Video Files/Zig Zags.m4v"; sourceTree = SOURCE_ROOT; };
		FB716DB32173F7B5008D090E /* Needle Dropping.m4v */ = {isa = PBXFileReference; lastKnownFileType = file; name = "Needle Dropping.m4v"; path = "Video Files/Needle Dropping.m4v"; sourceTree = SOURCE_ROOT; };
		FB716DB42173F7B5008D090E /* On Off Switch Adjustment.m4v */ = {isa = PBXFileReference; lastKnownFileType = file; name = "On Off Switch Adjustment.m4v"; path = "Video Files/On Off Switch Adjustment.m4v"; sourceTree = SOURCE_ROOT; };
		FB716DB52173F7B5008D090E /* Battle Bunny.m4v */ = {isa = PBXFileReference; lastKnownFileType = file; name = "Battle Bunny.m4v"; path = "Video Files/Battle Bunny.m4v"; sourceTree = SOURCE_ROOT; };
		FB716DB62173F7B5008D090E /* Preventing skipping.m4v */ = {isa = PBXFileReference; lastKnownFileType = file; name = "Preventing skipping.m4v"; path = "Video Files/Preventing skipping.m4v"; sourceTree = SOURCE_ROOT; };
		FB716DB72173F7B5008D090E /* Fades.m4v */ = {isa = PBXFileReference; lastKnownFileType = file; name = Fades.m4v; path = "Video Files/Fades.m4v"; sourceTree = SOURCE_ROOT; };
		FB716DB82173F7B5008D090E /* Reverse Cutting.m4v */ = {isa = PBXFileReference; lastKnownFileType = file; name = "Reverse Cutting.m4v"; path = "Video Files/Reverse Cutting.m4v"; sourceTree = SOURCE_ROOT; };
		FB716DB92173F7B5008D090E /* Lazers.m4v */ = {isa = PBXFileReference; lastKnownFileType = file; name = Lazers.m4v; path = "Video Files/Lazers.m4v"; sourceTree = SOURCE_ROOT; };
		FB716DBA2173F7B5008D090E /* More Ways To Prevent Skipping.m4v */ = {isa = PBXFileReference; lastKnownFileType = file; name = "More Ways To Prevent Skipping.m4v"; path = "Video Files/More Ways To Prevent Skipping.m4v"; sourceTree = SOURCE_ROOT; };
		FB716DBB2173F7B5008D090E /* Dicing.m4v */ = {isa = PBXFileReference; lastKnownFileType = file; name = Dicing.m4v; path = "Video Files/Dicing.m4v"; sourceTree = SOURCE_ROOT; };
		FB716DBC2173F7B5008D090E /* Crescent Flare.m4v */ = {isa = PBXFileReference; lastKnownFileType = file; name = "Crescent Flare.m4v"; path = "Video Files/Crescent Flare.m4v"; sourceTree = SOURCE_ROOT; };
		FB716DBD2173F7B5008D090E /* Cueing.m4v */ = {isa = PBXFileReference; lastKnownFileType = file; name = Cueing.m4v; path = "Video Files/Cueing.m4v"; sourceTree = SOURCE_ROOT; };
		FB716DBE2173F7B5008D090E /* How to seal leaky pipes.m4v */ = {isa = PBXFileReference; lastKnownFileType = file; name = "How to seal leaky pipes.m4v"; path = "Video Files/How to seal leaky pipes.m4v"; sourceTree = SOURCE_ROOT; };
		FB716DBF2173F7B6008D090E /* Slipmats Part 1.m4v */ = {isa = PBXFileReference; lastKnownFileType = file; name = "Slipmats Part 1.m4v"; path = "Video Files/Slipmats Part 1.m4v"; sourceTree = SOURCE_ROOT; };
		FB716DC02173F7B6008D090E /* Counting Bars.m4v */ = {isa = PBXFileReference; lastKnownFileType = file; name = "Counting Bars.m4v"; path = "Video Files/Counting Bars.m4v"; sourceTree = SOURCE_ROOT; };
		FB716DC12173F7B6008D090E /* Waves.m4v */ = {isa = PBXFileReference; lastKnownFileType = file; name = Waves.m4v; path = "Video Files/Waves.m4v"; sourceTree = SOURCE_ROOT; };
		FB716DC22173F7B6008D090E /* Fader Caps Adjustment.m4v */ = {isa = PBXFileReference; lastKnownFileType = file; name = "Fader Caps Adjustment.m4v"; path = "Video Files/Fader Caps Adjustment.m4v"; sourceTree = SOURCE_ROOT; };
		FB716DC32173F7B6008D090E /* Battle Spiderman.m4v */ = {isa = PBXFileReference; lastKnownFileType = file; name = "Battle Spiderman.m4v"; path = "Video Files/Battle Spiderman.m4v"; sourceTree = SOURCE_ROOT; };
		FB716DC42173F7B6008D090E /* EQ Scratching.m4v */ = {isa = PBXFileReference; lastKnownFileType = file; name = "EQ Scratching.m4v"; path = "Video Files/EQ Scratching.m4v"; sourceTree = SOURCE_ROOT; };
		FB716DC52173F7B6008D090E /* Setting Up Headshells.m4v */ = {isa = PBXFileReference; lastKnownFileType = file; name = "Setting Up Headshells.m4v"; path = "Video Files/Setting Up Headshells.m4v"; sourceTree = SOURCE_ROOT; };
		FB716DC62173F7B6008D090E /* Mixer Basics.m4v */ = {isa = PBXFileReference; lastKnownFileType = file; name = "Mixer Basics.m4v"; path = "Video Files/Mixer Basics.m4v"; sourceTree = SOURCE_ROOT; };
		FB716DFA2173FB16008D090E /* DIY Skratching Vol. 1 Remix.entitlements */ = {isa = PBXFileReference; lastKnownFileType = text.plist.entitlements; path = "DIY Skratching Vol. 1 Remix.entitlements"; sourceTree = "<group>"; };
		FB716DFC2173FB18008D090E /* CloudKit.framework */ = {isa = PBXFileReference; lastKnownFileType = wrapper.framework; name = CloudKit.framework; path = System/Library/Frameworks/CloudKit.framework; sourceTree = SDKROOT; };
		FB78ABF2214C10030010039E /* DIY Skratching Vol. 1 Remix.app */ = {isa = PBXFileReference; explicitFileType = wrapper.application; includeInIndex = 0; path = "DIY Skratching Vol. 1 Remix.app"; sourceTree = BUILT_PRODUCTS_DIR; };
		FB78ABF5214C10030010039E /* QBot.swift */ = {isa = PBXFileReference; lastKnownFileType = sourcecode.swift; path = QBot.swift; sourceTree = "<group>"; };
		FB78ABF7214C10030010039E /* Face.swift */ = {isa = PBXFileReference; lastKnownFileType = sourcecode.swift; path = Face.swift; sourceTree = "<group>"; };
		FB78ABFA214C10030010039E /* Base */ = {isa = PBXFileReference; lastKnownFileType = file.storyboard; name = Base; path = Base.lproj/Main.storyboard; sourceTree = "<group>"; };
		FB78ABFD214C10030010039E /* DIY_Skratching_Vol__1_Remix.xcdatamodel */ = {isa = PBXFileReference; lastKnownFileType = wrapper.xcdatamodel; path = DIY_Skratching_Vol__1_Remix.xcdatamodel; sourceTree = "<group>"; };
		FB78ABFF214C10040010039E /* Assets.xcassets */ = {isa = PBXFileReference; lastKnownFileType = folder.assetcatalog; path = Assets.xcassets; sourceTree = "<group>"; };
		FB78AC02214C10040010039E /* Base */ = {isa = PBXFileReference; lastKnownFileType = file.storyboard; name = Base; path = Base.lproj/LaunchScreen.storyboard; sourceTree = "<group>"; };
		FB78AC04214C10040010039E /* Info.plist */ = {isa = PBXFileReference; lastKnownFileType = text.plist.xml; path = Info.plist; sourceTree = "<group>"; };
		FB78AC09214C10040010039E /* DIY Skratching Vol. 1 RemixTests.xctest */ = {isa = PBXFileReference; explicitFileType = wrapper.cfbundle; includeInIndex = 0; path = "DIY Skratching Vol. 1 RemixTests.xctest"; sourceTree = BUILT_PRODUCTS_DIR; };
		FB78AC0D214C10040010039E /* DIY_Skratching_Vol__1_RemixTests.swift */ = {isa = PBXFileReference; lastKnownFileType = sourcecode.swift; path = DIY_Skratching_Vol__1_RemixTests.swift; sourceTree = "<group>"; };
		FB78AC0F214C10040010039E /* Info.plist */ = {isa = PBXFileReference; lastKnownFileType = text.plist.xml; path = Info.plist; sourceTree = "<group>"; };
		FB78AC14214C10040010039E /* DIY Skratching Vol. 1 RemixUITests.xctest */ = {isa = PBXFileReference; explicitFileType = wrapper.cfbundle; includeInIndex = 0; path = "DIY Skratching Vol. 1 RemixUITests.xctest"; sourceTree = BUILT_PRODUCTS_DIR; };
		FB78AC18214C10040010039E /* DIY_Skratching_Vol__1_RemixUITests.swift */ = {isa = PBXFileReference; lastKnownFileType = sourcecode.swift; path = DIY_Skratching_Vol__1_RemixUITests.swift; sourceTree = "<group>"; };
		FB78AC1A214C10040010039E /* Info.plist */ = {isa = PBXFileReference; lastKnownFileType = text.plist.xml; path = Info.plist; sourceTree = "<group>"; };
		FB78AC26214F2C340010039E /* MainMenuTableViewCell.swift */ = {isa = PBXFileReference; lastKnownFileType = sourcecode.swift; path = MainMenuTableViewCell.swift; sourceTree = "<group>"; };
/* End PBXFileReference section */

/* Begin PBXFrameworksBuildPhase section */
		FB78ABEF214C10030010039E /* Frameworks */ = {
			isa = PBXFrameworksBuildPhase;
			buildActionMask = 2147483647;
			files = (
				FB716DFD2173FB18008D090E /* CloudKit.framework in Frameworks */,
			);
			runOnlyForDeploymentPostprocessing = 0;
		};
		FB78AC06214C10040010039E /* Frameworks */ = {
			isa = PBXFrameworksBuildPhase;
			buildActionMask = 2147483647;
			files = (
			);
			runOnlyForDeploymentPostprocessing = 0;
		};
		FB78AC11214C10040010039E /* Frameworks */ = {
			isa = PBXFrameworksBuildPhase;
			buildActionMask = 2147483647;
			files = (
			);
			runOnlyForDeploymentPostprocessing = 0;
		};
/* End PBXFrameworksBuildPhase section */

/* Begin PBXGroup section */
		FB716DFB2173FB18008D090E /* Frameworks */ = {
			isa = PBXGroup;
			children = (
				FB716DFC2173FB18008D090E /* CloudKit.framework */,
			);
			name = Frameworks;
			sourceTree = "<group>";
		};
		FB78ABE9214C10030010039E = {
			isa = PBXGroup;
			children = (
				FB78ABF4214C10030010039E /* DIY Skratching Vol. 1 Remix */,
				FB78AC0C214C10040010039E /* DIY Skratching Vol. 1 RemixTests */,
				FB78AC17214C10040010039E /* DIY Skratching Vol. 1 RemixUITests */,
				FB78ABF3214C10030010039E /* Products */,
				FB716DFB2173FB18008D090E /* Frameworks */,
			);
			sourceTree = "<group>";
		};
		FB78ABF3214C10030010039E /* Products */ = {
			isa = PBXGroup;
			children = (
				FB78ABF2214C10030010039E /* DIY Skratching Vol. 1 Remix.app */,
				FB78AC09214C10040010039E /* DIY Skratching Vol. 1 RemixTests.xctest */,
				FB78AC14214C10040010039E /* DIY Skratching Vol. 1 RemixUITests.xctest */,
			);
			name = Products;
			sourceTree = "<group>";
		};
		FB78ABF4214C10030010039E /* DIY Skratching Vol. 1 Remix */ = {
			isa = PBXGroup;
			children = (
				FB716DFA2173FB16008D090E /* DIY Skratching Vol. 1 Remix.entitlements */,
				FB78ABF5214C10030010039E /* QBot.swift */,
				FB1904C52154358B0092640A /* Key.swift */,
				FB78ABF7214C10030010039E /* Face.swift */,
				FB78ABF9214C10030010039E /* Main.storyboard */,
				FB78AC26214F2C340010039E /* MainMenuTableViewCell.swift */,
				FB1904BC2154234C0092640A /* BattlesTableViewCell.swift */,
				FB1904BB2154234C0092640A /* EquipmentSetupMenuTableViewCell.swift */,
				FB1904BD2154234C0092640A /* SkratchesTableViewCell.swift */,
				FB78ABFF214C10040010039E /* Assets.xcassets */,
				FB1904C3215424950092640A /* Baby.m4v */,
				FB716D972173F7B3008D090E /* 1-click Flare.m4v */,
				FB716DA22173F7B4008D090E /* 2-Click Flare.m4v */,
				FB716DB52173F7B5008D090E /* Battle Bunny.m4v */,
				FB716D9C2173F7B3008D090E /* Battle Devil.m4v */,
				FB716DA52173F7B4008D090E /* Battle Football.m4v */,
				FB716D952173F7B3008D090E /* Battle Gasmask.m4v */,
				FB716D992173F7B3008D090E /* Battle Smiley.m4v */,
				FB716DC32173F7B6008D090E /* Battle Spiderman.m4v */,
				FB716D9B2173F7B3008D090E /* Chirp Flare.m4v */,
				FB716DA12173F7B3008D090E /* Chirps.m4v */,
				FB716D9E2173F7B3008D090E /* Cleaning Needles.m4v */,
				FB716DB12173F7B5008D090E /* Clover Tears.m4v */,
				FB716DC02173F7B6008D090E /* Counting Bars.m4v */,
				FB716DA02173F7B3008D090E /* Crabs (Crepes).m4v */,
				FB716DBC2173F7B5008D090E /* Crescent Flare.m4v */,
				FB716DBD2173F7B5008D090E /* Cueing.m4v */,
				FB716D942173F7B3008D090E /* Cutting.m4v */,
				FB716DBB2173F7B5008D090E /* Dicing.m4v */,
				FB716DA92173F7B4008D090E /* Drags.m4v */,
				FB716DC42173F7B6008D090E /* EQ Scratching.m4v */,
				FB716DC22173F7B6008D090E /* Fader Caps Adjustment.m4v */,
				FB716DB72173F7B5008D090E /* Fades.m4v */,
				FB716DA32173F7B4008D090E /* Flare.m4v */,
				FB716DB02173F7B4008D090E /* Getting better adhesion.m4v */,
				FB716DBE2173F7B5008D090E /* How to seal leaky pipes.m4v */,
				FB716DB92173F7B5008D090E /* Lazers.m4v */,
				FB716DAA2173F7B4008D090E /* Long-short Tip Tears.m4v */,
				FB716DA72173F7B4008D090E /* Marches.m4v */,
				FB716DC62173F7B6008D090E /* Mixer Basics.m4v */,
				FB716DBA2173F7B5008D090E /* More Ways To Prevent Skipping.m4v */,
				FB716DB32173F7B5008D090E /* Needle Dropping.m4v */,
				FB716DB42173F7B5008D090E /* On Off Switch Adjustment.m4v */,
				FB716DAF2173F7B4008D090E /* Phazers.m4v */,
				FB716DAB2173F7B4008D090E /* Plugging In Turntables.m4v */,
				FB716DB62173F7B5008D090E /* Preventing skipping.m4v */,
				FB716D9F2173F7B3008D090E /* Q-Bert Freestyle.m4v */,
				FB716DB82173F7B5008D090E /* Reverse Cutting.m4v */,
				FB716D962173F7B3008D090E /* Scratch movie trailer.m4v */,
				FB716DA42173F7B4008D090E /* Scribbles.m4v */,
				FB716DC52173F7B6008D090E /* Setting Up Headshells.m4v */,
				FB716DBF2173F7B6008D090E /* Slipmats Part 1.m4v */,
				FB716DAC2173F7B4008D090E /* Slipmats Part 2.m4v */,
				FB716DAD2173F7B4008D090E /* Swipes.m4v */,
				FB716DA62173F7B4008D090E /* Tears.m4v */,
				FB716DA82173F7B4008D090E /* Tip.m4v */,
				FB716DAE2173F7B4008D090E /* Transformer.m4v */,
				FB716D9A2173F7B3008D090E /* Tuner Control Spray.m4v */,
				FB716D9D2173F7B3008D090E /* Turntable Adjustments.m4v */,
				FB716D982173F7B3008D090E /* Wave Twisters trailer.m4v */,
				FB716DC12173F7B6008D090E /* Waves.m4v */,
				FB716DB22173F7B5008D090E /* Zig Zags.m4v */,
				FB78AC01214C10040010039E /* LaunchScreen.storyboard */,
				FB78AC04214C10040010039E /* Info.plist */,
				FB78ABFC214C10030010039E /* DIY_Skratching_Vol__1_Remix.xcdatamodeld */,
			);
			path = "DIY Skratching Vol. 1 Remix";
			sourceTree = "<group>";
		};
		FB78AC0C214C10040010039E /* DIY Skratching Vol. 1 RemixTests */ = {
			isa = PBXGroup;
			children = (
				FB78AC0D214C10040010039E /* DIY_Skratching_Vol__1_RemixTests.swift */,
				FB78AC0F214C10040010039E /* Info.plist */,
			);
			path = "DIY Skratching Vol. 1 RemixTests";
			sourceTree = "<group>";
		};
		FB78AC17214C10040010039E /* DIY Skratching Vol. 1 RemixUITests */ = {
			isa = PBXGroup;
			children = (
				FB78AC18214C10040010039E /* DIY_Skratching_Vol__1_RemixUITests.swift */,
				FB78AC1A214C10040010039E /* Info.plist */,
			);
			path = "DIY Skratching Vol. 1 RemixUITests";
			sourceTree = "<group>";
		};
/* End PBXGroup section */

/* Begin PBXNativeTarget section */
		FB78ABF1214C10030010039E /* DIY Skratching Vol. 1 Remix */ = {
			isa = PBXNativeTarget;
			buildConfigurationList = FB78AC1D214C10040010039E /* Build configuration list for PBXNativeTarget "DIY Skratching Vol. 1 Remix" */;
			buildPhases = (
				FB89D5BD21737969002FAB5D /* ShellScript */,
				FB78ABEE214C10030010039E /* Sources */,
				FB78ABEF214C10030010039E /* Frameworks */,
				FB78ABF0214C10030010039E /* Resources */,
				FB89D5BC21737968002FAB5D /* ShellScript */,
			);
			buildRules = (
			);
			dependencies = (
			);
			name = "DIY Skratching Vol. 1 Remix";
			productName = "DIY Skratching Vol. 1 Remix";
			productReference = FB78ABF2214C10030010039E /* DIY Skratching Vol. 1 Remix.app */;
			productType = "com.apple.product-type.application";
		};
		FB78AC08214C10040010039E /* DIY Skratching Vol. 1 RemixTests */ = {
			isa = PBXNativeTarget;
			buildConfigurationList = FB78AC20214C10040010039E /* Build configuration list for PBXNativeTarget "DIY Skratching Vol. 1 RemixTests" */;
			buildPhases = (
				FB78AC05214C10040010039E /* Sources */,
				FB78AC06214C10040010039E /* Frameworks */,
				FB78AC07214C10040010039E /* Resources */,
			);
			buildRules = (
			);
			dependencies = (
				FB78AC0B214C10040010039E /* PBXTargetDependency */,
			);
			name = "DIY Skratching Vol. 1 RemixTests";
			productName = "DIY Skratching Vol. 1 RemixTests";
			productReference = FB78AC09214C10040010039E /* DIY Skratching Vol. 1 RemixTests.xctest */;
			productType = "com.apple.product-type.bundle.unit-test";
		};
		FB78AC13214C10040010039E /* DIY Skratching Vol. 1 RemixUITests */ = {
			isa = PBXNativeTarget;
			buildConfigurationList = FB78AC23214C10040010039E /* Build configuration list for PBXNativeTarget "DIY Skratching Vol. 1 RemixUITests" */;
			buildPhases = (
				FB78AC10214C10040010039E /* Sources */,
				FB78AC11214C10040010039E /* Frameworks */,
				FB78AC12214C10040010039E /* Resources */,
			);
			buildRules = (
			);
			dependencies = (
				FB78AC16214C10040010039E /* PBXTargetDependency */,
			);
			name = "DIY Skratching Vol. 1 RemixUITests";
			productName = "DIY Skratching Vol. 1 RemixUITests";
			productReference = FB78AC14214C10040010039E /* DIY Skratching Vol. 1 RemixUITests.xctest */;
			productType = "com.apple.product-type.bundle.ui-testing";
		};
/* End PBXNativeTarget section */

/* Begin PBXProject section */
		FB78ABEA214C10030010039E /* Project object */ = {
			isa = PBXProject;
			attributes = {
				LastSwiftUpdateCheck = 0940;
				LastUpgradeCheck = 0940;
				ORGANIZATIONNAME = "Jeane Limited Liability Corporation";
				TargetAttributes = {
					FB78ABF1214C10030010039E = {
						CreatedOnToolsVersion = 9.4.1;
						LastSwiftMigration = 1000;
						SystemCapabilities = {
							com.apple.Push = {
								enabled = 1;
							};
							com.apple.iCloud = {
								enabled = 1;
							};
						};
					};
					FB78AC08214C10040010039E = {
						CreatedOnToolsVersion = 9.4.1;
						LastSwiftMigration = 1000;
						TestTargetID = FB78ABF1214C10030010039E;
					};
					FB78AC13214C10040010039E = {
						CreatedOnToolsVersion = 9.4.1;
						LastSwiftMigration = 1000;
						TestTargetID = FB78ABF1214C10030010039E;
					};
				};
			};
			buildConfigurationList = FB78ABED214C10030010039E /* Build configuration list for PBXProject "DIY Skratching Vol. 1 Remix" */;
			compatibilityVersion = "Xcode 9.3";
			developmentRegion = en;
			hasScannedForEncodings = 0;
			knownRegions = (
				en,
				Base,
			);
			mainGroup = FB78ABE9214C10030010039E;
			productRefGroup = FB78ABF3214C10030010039E /* Products */;
			projectDirPath = "";
			projectRoot = "";
			targets = (
				FB78ABF1214C10030010039E /* DIY Skratching Vol. 1 Remix */,
				FB78AC08214C10040010039E /* DIY Skratching Vol. 1 RemixTests */,
				FB78AC13214C10040010039E /* DIY Skratching Vol. 1 RemixUITests */,
			);
		};
/* End PBXProject section */

/* Begin PBXResourcesBuildPhase section */
		FB78ABF0214C10030010039E /* Resources */ = {
			isa = PBXResourcesBuildPhase;
			buildActionMask = 2147483647;
			files = (
				FB716DD12173F7B6008D090E /* Cleaning Needles.m4v in Resources */,
				FB716DDB2173F7B6008D090E /* Tip.m4v in Resources */,
				FB716DF72173F7B6008D090E /* EQ Scratching.m4v in Resources */,
				FB78AC03214C10040010039E /* LaunchScreen.storyboard in Resources */,
				FB716DE72173F7B6008D090E /* On Off Switch Adjustment.m4v in Resources */,
				FB78AC00214C10040010039E /* Assets.xcassets in Resources */,
				FB716DCD2173F7B6008D090E /* Tuner Control Spray.m4v in Resources */,
				FB716DE92173F7B6008D090E /* Preventing skipping.m4v in Resources */,
				FB716DD02173F7B6008D090E /* Turntable Adjustments.m4v in Resources */,
				FB716DC92173F7B6008D090E /* Scratch movie trailer.m4v in Resources */,
				FB716DEA2173F7B6008D090E /* Fades.m4v in Resources */,
				FB716DF42173F7B6008D090E /* Waves.m4v in Resources */,
				FB716DEF2173F7B6008D090E /* Crescent Flare.m4v in Resources */,
				FB716DF92173F7B6008D090E /* Mixer Basics.m4v in Resources */,
				FB716DDE2173F7B6008D090E /* Plugging In Turntables.m4v in Resources */,
				FB716DE02173F7B6008D090E /* Swipes.m4v in Resources */,
				FB716DF22173F7B6008D090E /* Slipmats Part 1.m4v in Resources */,
				FB716DE42173F7B6008D090E /* Clover Tears.m4v in Resources */,
				FB716DEE2173F7B6008D090E /* Dicing.m4v in Resources */,
				FB716DED2173F7B6008D090E /* More Ways To Prevent Skipping.m4v in Resources */,
				FB716DCE2173F7B6008D090E /* Chirp Flare.m4v in Resources */,
				FB716DD82173F7B6008D090E /* Battle Football.m4v in Resources */,
				FB716DDC2173F7B6008D090E /* Drags.m4v in Resources */,
				FB716DD22173F7B6008D090E /* Q-Bert Freestyle.m4v in Resources */,
				FB716DE22173F7B6008D090E /* Phazers.m4v in Resources */,
				FB716DE52173F7B6008D090E /* Zig Zags.m4v in Resources */,
				FB716DF12173F7B6008D090E /* How to seal leaky pipes.m4v in Resources */,
				FB716DF02173F7B6008D090E /* Cueing.m4v in Resources */,
				FB716DE32173F7B6008D090E /* Getting better adhesion.m4v in Resources */,
				FB78ABFB214C10030010039E /* Main.storyboard in Resources */,
				FB716DD52173F7B6008D090E /* 2-Click Flare.m4v in Resources */,
				FB716DF82173F7B6008D090E /* Setting Up Headshells.m4v in Resources */,
				FB716DDA2173F7B6008D090E /* Marches.m4v in Resources */,
				FB716DCA2173F7B6008D090E /* 1-click Flare.m4v in Resources */,
				FB716DD42173F7B6008D090E /* Chirps.m4v in Resources */,
				FB716DD62173F7B6008D090E /* Flare.m4v in Resources */,
				FB716DD92173F7B6008D090E /* Tears.m4v in Resources */,
				FB716DE62173F7B6008D090E /* Needle Dropping.m4v in Resources */,
				FB716DD32173F7B6008D090E /* Crabs (Crepes).m4v in Resources */,
				FB716DDD2173F7B6008D090E /* Long-short Tip Tears.m4v in Resources */,
				FB716DDF2173F7B6008D090E /* Slipmats Part 2.m4v in Resources */,
				FB716DEB2173F7B6008D090E /* Reverse Cutting.m4v in Resources */,
				FB716DE82173F7B6008D090E /* Battle Bunny.m4v in Resources */,
				FB1904C4215424950092640A /* Baby.m4v in Resources */,
				FB716DC82173F7B6008D090E /* Battle Gasmask.m4v in Resources */,
				FB716DE12173F7B6008D090E /* Transformer.m4v in Resources */,
				FB716DEC2173F7B6008D090E /* Lazers.m4v in Resources */,
				FB716DF62173F7B6008D090E /* Battle Spiderman.m4v in Resources */,
				FB716DD72173F7B6008D090E /* Scribbles.m4v in Resources */,
				FB716DF52173F7B6008D090E /* Fader Caps Adjustment.m4v in Resources */,
				FB716DCF2173F7B6008D090E /* Battle Devil.m4v in Resources */,
				FB716DCB2173F7B6008D090E /* Wave Twisters trailer.m4v in Resources */,
				FB716DC72173F7B6008D090E /* Cutting.m4v in Resources */,
				FB716DCC2173F7B6008D090E /* Battle Smiley.m4v in Resources */,
				FB716DF32173F7B6008D090E /* Counting Bars.m4v in Resources */,
			);
			runOnlyForDeploymentPostprocessing = 0;
		};
		FB78AC07214C10040010039E /* Resources */ = {
			isa = PBXResourcesBuildPhase;
			buildActionMask = 2147483647;
			files = (
			);
			runOnlyForDeploymentPostprocessing = 0;
		};
		FB78AC12214C10040010039E /* Resources */ = {
			isa = PBXResourcesBuildPhase;
			buildActionMask = 2147483647;
			files = (
			);
			runOnlyForDeploymentPostprocessing = 0;
		};
/* End PBXResourcesBuildPhase section */

/* Begin PBXShellScriptBuildPhase section */
		FB89D5BC21737968002FAB5D /* ShellScript */ = {
			isa = PBXShellScriptBuildPhase;
			buildActionMask = 2147483647;
			files = (
			);
			inputFileListPaths = (
			);
			inputPaths = (
			);
			outputFileListPaths = (
			);
			outputPaths = (
			);
			runOnlyForDeploymentPostprocessing = 0;
			shellPath = /bin/sh;
			shellScript = "buildNumber=$(/usr/libexec/PlistBuddy -c \"Print CFBundleVersion\" \"${PROJECT_DIR}/${INFOPLIST_FILE}\")\nbuildNumber=$(($buildNumber + 1))\n/usr/libexec/PlistBuddy -c \"Set :CFBundleVersion $buildNumber\" \"${PROJECT_DIR}/${INFOPLIST_FILE}\"\n";
		};
		FB89D5BD21737969002FAB5D /* ShellScript */ = {
			isa = PBXShellScriptBuildPhase;
			buildActionMask = 2147483647;
			files = (
			);
			inputFileListPaths = (
			);
			inputPaths = (
			);
			outputFileListPaths = (
			);
			outputPaths = (
			);
			runOnlyForDeploymentPostprocessing = 0;
			shellPath = /bin/sh;
			shellScript = "buildNumber=$(/usr/libexec/PlistBuddy -c \"Print CFBundleVersion\" \"${PROJECT_DIR}/${INFOPLIST_FILE}\")\nversionNumber=$(/usr/libexec/PlistBuddy -c \"Print CFBundleShortVersionString\" \"${PROJECT_DIR}/${INFOPLIST_FILE}\")\ngit commit -a -m \"Build $versionNumber($buildNumber) built on `date +' %F at %r'`\"\n";
		};
/* End PBXShellScriptBuildPhase section */

/* Begin PBXSourcesBuildPhase section */
		FB78ABEE214C10030010039E /* Sources */ = {
			isa = PBXSourcesBuildPhase;
			buildActionMask = 2147483647;
			files = (
				FB78ABF8214C10030010039E /* Face.swift in Sources */,
				FB1904C02154234C0092640A /* SkratchesTableViewCell.swift in Sources */,
				FB78ABF6214C10030010039E /* QBot.swift in Sources */,
				FB78ABFE214C10030010039E /* DIY_Skratching_Vol__1_Remix.xcdatamodeld in Sources */,
				FB1904BF2154234C0092640A /* BattlesTableViewCell.swift in Sources */,
				FB1904C62154358B0092640A /* Key.swift in Sources */,
				FB1904BE2154234C0092640A /* EquipmentSetupMenuTableViewCell.swift in Sources */,
				FB78AC27214F2C340010039E /* MainMenuTableViewCell.swift in Sources */,
			);
			runOnlyForDeploymentPostprocessing = 0;
		};
		FB78AC05214C10040010039E /* Sources */ = {
			isa = PBXSourcesBuildPhase;
			buildActionMask = 2147483647;
			files = (
				FB78AC0E214C10040010039E /* DIY_Skratching_Vol__1_RemixTests.swift in Sources */,
			);
			runOnlyForDeploymentPostprocessing = 0;
		};
		FB78AC10214C10040010039E /* Sources */ = {
			isa = PBXSourcesBuildPhase;
			buildActionMask = 2147483647;
			files = (
				FB78AC19214C10040010039E /* DIY_Skratching_Vol__1_RemixUITests.swift in Sources */,
			);
			runOnlyForDeploymentPostprocessing = 0;
		};
/* End PBXSourcesBuildPhase section */

/* Begin PBXTargetDependency section */
		FB78AC0B214C10040010039E /* PBXTargetDependency */ = {
			isa = PBXTargetDependency;
			target = FB78ABF1214C10030010039E /* DIY Skratching Vol. 1 Remix */;
			targetProxy = FB78AC0A214C10040010039E /* PBXContainerItemProxy */;
		};
		FB78AC16214C10040010039E /* PBXTargetDependency */ = {
			isa = PBXTargetDependency;
			target = FB78ABF1214C10030010039E /* DIY Skratching Vol. 1 Remix */;
			targetProxy = FB78AC15214C10040010039E /* PBXContainerItemProxy */;
		};
/* End PBXTargetDependency section */

/* Begin PBXVariantGroup section */
		FB78ABF9214C10030010039E /* Main.storyboard */ = {
			isa = PBXVariantGroup;
			children = (
				FB78ABFA214C10030010039E /* Base */,
			);
			name = Main.storyboard;
			sourceTree = "<group>";
		};
		FB78AC01214C10040010039E /* LaunchScreen.storyboard */ = {
			isa = PBXVariantGroup;
			children = (
				FB78AC02214C10040010039E /* Base */,
			);
			name = LaunchScreen.storyboard;
			sourceTree = "<group>";
		};
/* End PBXVariantGroup section */

/* Begin XCBuildConfiguration section */
		FB78AC1B214C10040010039E /* Debug */ = {
			isa = XCBuildConfiguration;
			buildSettings = {
				ALWAYS_SEARCH_USER_PATHS = NO;
				CLANG_ANALYZER_NONNULL = YES;
				CLANG_ANALYZER_NUMBER_OBJECT_CONVERSION = YES_AGGRESSIVE;
				CLANG_CXX_LANGUAGE_STANDARD = "gnu++14";
				CLANG_CXX_LIBRARY = "libc++";
				CLANG_ENABLE_MODULES = YES;
				CLANG_ENABLE_OBJC_ARC = YES;
				CLANG_ENABLE_OBJC_WEAK = YES;
				CLANG_WARN_BLOCK_CAPTURE_AUTORELEASING = YES;
				CLANG_WARN_BOOL_CONVERSION = YES;
				CLANG_WARN_COMMA = YES;
				CLANG_WARN_CONSTANT_CONVERSION = YES;
				CLANG_WARN_DEPRECATED_OBJC_IMPLEMENTATIONS = YES;
				CLANG_WARN_DIRECT_OBJC_ISA_USAGE = YES_ERROR;
				CLANG_WARN_DOCUMENTATION_COMMENTS = YES;
				CLANG_WARN_EMPTY_BODY = YES;
				CLANG_WARN_ENUM_CONVERSION = YES;
				CLANG_WARN_INFINITE_RECURSION = YES;
				CLANG_WARN_INT_CONVERSION = YES;
				CLANG_WARN_NON_LITERAL_NULL_CONVERSION = YES;
				CLANG_WARN_OBJC_IMPLICIT_RETAIN_SELF = YES;
				CLANG_WARN_OBJC_LITERAL_CONVERSION = YES;
				CLANG_WARN_OBJC_ROOT_CLASS = YES_ERROR;
				CLANG_WARN_RANGE_LOOP_ANALYSIS = YES;
				CLANG_WARN_STRICT_PROTOTYPES = YES;
				CLANG_WARN_SUSPICIOUS_MOVE = YES;
				CLANG_WARN_UNGUARDED_AVAILABILITY = YES_AGGRESSIVE;
				CLANG_WARN_UNREACHABLE_CODE = YES;
				CLANG_WARN__DUPLICATE_METHOD_MATCH = YES;
				CODE_SIGN_IDENTITY = "iPhone Developer";
				COPY_PHASE_STRIP = NO;
				DEBUG_INFORMATION_FORMAT = dwarf;
				ENABLE_STRICT_OBJC_MSGSEND = YES;
				ENABLE_TESTABILITY = YES;
				GCC_C_LANGUAGE_STANDARD = gnu11;
				GCC_DYNAMIC_NO_PIC = NO;
				GCC_NO_COMMON_BLOCKS = YES;
				GCC_OPTIMIZATION_LEVEL = 0;
				GCC_PREPROCESSOR_DEFINITIONS = (
					"DEBUG=1",
					"$(inherited)",
				);
				GCC_WARN_64_TO_32_BIT_CONVERSION = YES;
				GCC_WARN_ABOUT_RETURN_TYPE = YES_ERROR;
				GCC_WARN_UNDECLARED_SELECTOR = YES;
				GCC_WARN_UNINITIALIZED_AUTOS = YES_AGGRESSIVE;
				GCC_WARN_UNUSED_FUNCTION = YES;
				GCC_WARN_UNUSED_VARIABLE = YES;
				IPHONEOS_DEPLOYMENT_TARGET = 11.4;
				MTL_ENABLE_DEBUG_INFO = YES;
				ONLY_ACTIVE_ARCH = YES;
				SDKROOT = iphoneos;
				SWIFT_ACTIVE_COMPILATION_CONDITIONS = DEBUG;
				SWIFT_OPTIMIZATION_LEVEL = "-Onone";
			};
			name = Debug;
		};
		FB78AC1C214C10040010039E /* Release */ = {
			isa = XCBuildConfiguration;
			buildSettings = {
				ALWAYS_SEARCH_USER_PATHS = NO;
				CLANG_ANALYZER_NONNULL = YES;
				CLANG_ANALYZER_NUMBER_OBJECT_CONVERSION = YES_AGGRESSIVE;
				CLANG_CXX_LANGUAGE_STANDARD = "gnu++14";
				CLANG_CXX_LIBRARY = "libc++";
				CLANG_ENABLE_MODULES = YES;
				CLANG_ENABLE_OBJC_ARC = YES;
				CLANG_ENABLE_OBJC_WEAK = YES;
				CLANG_WARN_BLOCK_CAPTURE_AUTORELEASING = YES;
				CLANG_WARN_BOOL_CONVERSION = YES;
				CLANG_WARN_COMMA = YES;
				CLANG_WARN_CONSTANT_CONVERSION = YES;
				CLANG_WARN_DEPRECATED_OBJC_IMPLEMENTATIONS = YES;
				CLANG_WARN_DIRECT_OBJC_ISA_USAGE = YES_ERROR;
				CLANG_WARN_DOCUMENTATION_COMMENTS = YES;
				CLANG_WARN_EMPTY_BODY = YES;
				CLANG_WARN_ENUM_CONVERSION = YES;
				CLANG_WARN_INFINITE_RECURSION = YES;
				CLANG_WARN_INT_CONVERSION = YES;
				CLANG_WARN_NON_LITERAL_NULL_CONVERSION = YES;
				CLANG_WARN_OBJC_IMPLICIT_RETAIN_SELF = YES;
				CLANG_WARN_OBJC_LITERAL_CONVERSION = YES;
				CLANG_WARN_OBJC_ROOT_CLASS = YES_ERROR;
				CLANG_WARN_RANGE_LOOP_ANALYSIS = YES;
				CLANG_WARN_STRICT_PROTOTYPES = YES;
				CLANG_WARN_SUSPICIOUS_MOVE = YES;
				CLANG_WARN_UNGUARDED_AVAILABILITY = YES_AGGRESSIVE;
				CLANG_WARN_UNREACHABLE_CODE = YES;
				CLANG_WARN__DUPLICATE_METHOD_MATCH = YES;
				CODE_SIGN_IDENTITY = "iPhone Developer";
				COPY_PHASE_STRIP = NO;
				DEBUG_INFORMATION_FORMAT = "dwarf-with-dsym";
				ENABLE_NS_ASSERTIONS = NO;
				ENABLE_STRICT_OBJC_MSGSEND = YES;
				GCC_C_LANGUAGE_STANDARD = gnu11;
				GCC_NO_COMMON_BLOCKS = YES;
				GCC_WARN_64_TO_32_BIT_CONVERSION = YES;
				GCC_WARN_ABOUT_RETURN_TYPE = YES_ERROR;
				GCC_WARN_UNDECLARED_SELECTOR = YES;
				GCC_WARN_UNINITIALIZED_AUTOS = YES_AGGRESSIVE;
				GCC_WARN_UNUSED_FUNCTION = YES;
				GCC_WARN_UNUSED_VARIABLE = YES;
				IPHONEOS_DEPLOYMENT_TARGET = 11.4;
				MTL_ENABLE_DEBUG_INFO = NO;
				SDKROOT = iphoneos;
				SWIFT_COMPILATION_MODE = wholemodule;
				SWIFT_OPTIMIZATION_LEVEL = "-O";
				VALIDATE_PRODUCT = YES;
			};
			name = Release;
		};
		FB78AC1E214C10040010039E /* Debug */ = {
			isa = XCBuildConfiguration;
			buildSettings = {
				ASSETCATALOG_COMPILER_APPICON_NAME = AppIcon;
				CODE_SIGN_ENTITLEMENTS = "DIY Skratching Vol. 1 Remix/DIY Skratching Vol. 1 Remix.entitlements";
				CODE_SIGN_STYLE = Automatic;
				DEVELOPMENT_TEAM = BRTG95Y5KR;
				INFOPLIST_FILE = "DIY Skratching Vol. 1 Remix/Info.plist";
				IPHONEOS_DEPLOYMENT_TARGET = 11.0;
				LD_RUNPATH_SEARCH_PATHS = (
					"$(inherited)",
					"@executable_path/Frameworks",
				);
				PRODUCT_BUNDLE_IDENTIFIER = "party.wonderverse.DIY-Skratching-Vol--1-Remix";
				PRODUCT_NAME = "$(TARGET_NAME)";
				SWIFT_VERSION = 4.2;
				TARGETED_DEVICE_FAMILY = "1,2";
			};
			name = Debug;
		};
		FB78AC1F214C10040010039E /* Release */ = {
			isa = XCBuildConfiguration;
			buildSettings = {
				ASSETCATALOG_COMPILER_APPICON_NAME = AppIcon;
				CODE_SIGN_ENTITLEMENTS = "DIY Skratching Vol. 1 Remix/DIY Skratching Vol. 1 Remix.entitlements";
				CODE_SIGN_STYLE = Automatic;
				DEVELOPMENT_TEAM = BRTG95Y5KR;
				INFOPLIST_FILE = "DIY Skratching Vol. 1 Remix/Info.plist";
				IPHONEOS_DEPLOYMENT_TARGET = 11.0;
				LD_RUNPATH_SEARCH_PATHS = (
					"$(inherited)",
					"@executable_path/Frameworks",
				);
				PRODUCT_BUNDLE_IDENTIFIER = "party.wonderverse.DIY-Skratching-Vol--1-Remix";
				PRODUCT_NAME = "$(TARGET_NAME)";
				SWIFT_VERSION = 4.2;
				TARGETED_DEVICE_FAMILY = "1,2";
			};
			name = Release;
		};
		FB78AC21214C10040010039E /* Debug */ = {
			isa = XCBuildConfiguration;
			buildSettings = {
				ALWAYS_EMBED_SWIFT_STANDARD_LIBRARIES = YES;
				BUNDLE_LOADER = "$(TEST_HOST)";
				CODE_SIGN_STYLE = Automatic;
				DEVELOPMENT_TEAM = BRTG95Y5KR;
				INFOPLIST_FILE = "DIY Skratching Vol. 1 RemixTests/Info.plist";
				LD_RUNPATH_SEARCH_PATHS = (
					"$(inherited)",
					"@executable_path/Frameworks",
					"@loader_path/Frameworks",
				);
				PRODUCT_BUNDLE_IDENTIFIER = "party.wonderverse.DIY-Skratching-Vol--1-RemixTests";
				PRODUCT_NAME = "$(TARGET_NAME)";
				SWIFT_VERSION = 4.2;
				TARGETED_DEVICE_FAMILY = "1,2";
				TEST_HOST = "$(BUILT_PRODUCTS_DIR)/DIY Skratching Vol. 1 Remix.app/DIY Skratching Vol. 1 Remix";
			};
			name = Debug;
		};
		FB78AC22214C10040010039E /* Release */ = {
			isa = XCBuildConfiguration;
			buildSettings = {
				ALWAYS_EMBED_SWIFT_STANDARD_LIBRARIES = YES;
				BUNDLE_LOADER = "$(TEST_HOST)";
				CODE_SIGN_STYLE = Automatic;
				DEVELOPMENT_TEAM = BRTG95Y5KR;
				INFOPLIST_FILE = "DIY Skratching Vol. 1 RemixTests/Info.plist";
				LD_RUNPATH_SEARCH_PATHS = (
					"$(inherited)",
					"@executable_path/Frameworks",
					"@loader_path/Frameworks",
				);
				PRODUCT_BUNDLE_IDENTIFIER = "party.wonderverse.DIY-Skratching-Vol--1-RemixTests";
				PRODUCT_NAME = "$(TARGET_NAME)";
				SWIFT_VERSION = 4.2;
				TARGETED_DEVICE_FAMILY = "1,2";
				TEST_HOST = "$(BUILT_PRODUCTS_DIR)/DIY Skratching Vol. 1 Remix.app/DIY Skratching Vol. 1 Remix";
			};
			name = Release;
		};
		FB78AC24214C10040010039E /* Debug */ = {
			isa = XCBuildConfiguration;
			buildSettings = {
				ALWAYS_EMBED_SWIFT_STANDARD_LIBRARIES = YES;
				CODE_SIGN_STYLE = Automatic;
				DEVELOPMENT_TEAM = BRTG95Y5KR;
				INFOPLIST_FILE = "DIY Skratching Vol. 1 RemixUITests/Info.plist";
				LD_RUNPATH_SEARCH_PATHS = (
					"$(inherited)",
					"@executable_path/Frameworks",
					"@loader_path/Frameworks",
				);
				PRODUCT_BUNDLE_IDENTIFIER = "party.wonderverse.DIY-Skratching-Vol--1-RemixUITests";
				PRODUCT_NAME = "$(TARGET_NAME)";
				SWIFT_VERSION = 4.2;
				TARGETED_DEVICE_FAMILY = "1,2";
				TEST_TARGET_NAME = "DIY Skratching Vol. 1 Remix";
			};
			name = Debug;
		};
		FB78AC25214C10040010039E /* Release */ = {
			isa = XCBuildConfiguration;
			buildSettings = {
				ALWAYS_EMBED_SWIFT_STANDARD_LIBRARIES = YES;
				CODE_SIGN_STYLE = Automatic;
				DEVELOPMENT_TEAM = BRTG95Y5KR;
				INFOPLIST_FILE = "DIY Skratching Vol. 1 RemixUITests/Info.plist";
				LD_RUNPATH_SEARCH_PATHS = (
					"$(inherited)",
					"@executable_path/Frameworks",
					"@loader_path/Frameworks",
				);
				PRODUCT_BUNDLE_IDENTIFIER = "party.wonderverse.DIY-Skratching-Vol--1-RemixUITests";
				PRODUCT_NAME = "$(TARGET_NAME)";
				SWIFT_VERSION = 4.2;
				TARGETED_DEVICE_FAMILY = "1,2";
				TEST_TARGET_NAME = "DIY Skratching Vol. 1 Remix";
			};
			name = Release;
		};
/* End XCBuildConfiguration section */

/* Begin XCConfigurationList section */
		FB78ABED214C10030010039E /* Build configuration list for PBXProject "DIY Skratching Vol. 1 Remix" */ = {
			isa = XCConfigurationList;
			buildConfigurations = (
				FB78AC1B214C10040010039E /* Debug */,
				FB78AC1C214C10040010039E /* Release */,
			);
			defaultConfigurationIsVisible = 0;
			defaultConfigurationName = Release;
		};
		FB78AC1D214C10040010039E /* Build configuration list for PBXNativeTarget "DIY Skratching Vol. 1 Remix" */ = {
			isa = XCConfigurationList;
			buildConfigurations = (
				FB78AC1E214C10040010039E /* Debug */,
				FB78AC1F214C10040010039E /* Release */,
			);
			defaultConfigurationIsVisible = 0;
			defaultConfigurationName = Release;
		};
		FB78AC20214C10040010039E /* Build configuration list for PBXNativeTarget "DIY Skratching Vol. 1 RemixTests" */ = {
			isa = XCConfigurationList;
			buildConfigurations = (
				FB78AC21214C10040010039E /* Debug */,
				FB78AC22214C10040010039E /* Release */,
			);
			defaultConfigurationIsVisible = 0;
			defaultConfigurationName = Release;
		};
		FB78AC23214C10040010039E /* Build configuration list for PBXNativeTarget "DIY Skratching Vol. 1 RemixUITests" */ = {
			isa = XCConfigurationList;
			buildConfigurations = (
				FB78AC24214C10040010039E /* Debug */,
				FB78AC25214C10040010039E /* Release */,
			);
			defaultConfigurationIsVisible = 0;
			defaultConfigurationName = Release;
		};
/* End XCConfigurationList section */

/* Begin XCVersionGroup section */
		FB78ABFC214C10030010039E /* DIY_Skratching_Vol__1_Remix.xcdatamodeld */ = {
			isa = XCVersionGroup;
			children = (
				FB78ABFD214C10030010039E /* DIY_Skratching_Vol__1_Remix.xcdatamodel */,
			);
			currentVersion = FB78ABFD214C10030010039E /* DIY_Skratching_Vol__1_Remix.xcdatamodel */;
			path = DIY_Skratching_Vol__1_Remix.xcdatamodeld;
			sourceTree = "<group>";
			versionGroupType = wrapper.xcdatamodel;
		};
/* End XCVersionGroup section */
	};
	rootObject = FB78ABEA214C10030010039E /* Project object */;
}
